<?xml version="1.0" encoding="utf-8"?>
<Project ToolsVersion="4.0" xmlns="http://schemas.microsoft.com/developer/msbuild/2003">
  <ItemGroup>
    <Filter Include="camera">
      <UniqueIdentifier>{b2d20bfd-f14e-4085-86ad-27fd4e530cb4}</UniqueIdentifier>
    </Filter>
    <Filter Include="Scene">
      <UniqueIdentifier>{893fd543-4896-4611-99d6-e1898aade7b1}</UniqueIdentifier>
    </Filter>
    <Filter Include="Application">
      <UniqueIdentifier>{cd90af25-36a8-4226-8516-4e1e3092ade3}</UniqueIdentifier>
    </Filter>
    <Filter Include="Scene\Clear">
      <UniqueIdentifier>{10005089-1114-4451-b83e-4c222dd4993b}</UniqueIdentifier>
    </Filter>
    <Filter Include="Scene\InGame">
      <UniqueIdentifier>{86fe6dc3-e9e1-4808-a280-aa9dd371aaba}</UniqueIdentifier>
    </Filter>
    <Filter Include="Scene\Pause">
      <UniqueIdentifier>{ab12cd34-56ef-7890-abcd-ef1234567890}</UniqueIdentifier>
    </Filter>
    <Filter Include="Scene\Debug">
      <UniqueIdentifier>{0a6ed38f-12d1-4188-b3fa-fb3877f9047d}</UniqueIdentifier>
    </Filter>
    <Filter Include="Scene\GameOver">
      <UniqueIdentifier>{1419eb2e-43b5-45d8-acdb-9b3b00918d5f}</UniqueIdentifier>
    </Filter>
    <Filter Include="Scene\StageSelect">
      <UniqueIdentifier>{60c1d2e5-fb42-4752-bbb8-9ee296a24eb8}</UniqueIdentifier>
    </Filter>
    <Filter Include="UI">
      <UniqueIdentifier>{d0d1d2e5-fb42-4752-bbb8-9ee296a24eb8}</UniqueIdentifier>
    </Filter>
    <Filter Include="Scene\Title">
      <UniqueIdentifier>{52b04192-3ea4-4077-b32c-a2d4e50999b5}</UniqueIdentifier>
    </Filter>
    <Filter Include="components">
      <UniqueIdentifier>{12345678-1234-1234-1234-1234567890ab}</UniqueIdentifier>
    </Filter>
  </ItemGroup>
  <ItemGroup>
    <ClCompile Include="scene\InGame\GameScene.cpp">
      <Filter>Scene\InGame</Filter>
    </ClCompile>
    <ClCompile Include="scene\Pause\PauseScene.cpp">
      <Filter>Scene\Pause</Filter>
    </ClCompile>
    <ClCompile Include="scene\Title\TitleScene.cpp">
      <Filter>Scene\Title</Filter>
    </ClCompile>
    <ClCompile Include="UI\LoadingScreen.cpp">
      <Filter>UI</Filter>
    </ClCompile>
    <ClCompile Include="UI\PromptController.cpp">
      <Filter>UI</Filter>
    </ClCompile>
    <ClCompile Include="scene\Clear\ClearScene.cpp">
      <Filter>Scene\Clear</Filter>
    </ClCompile>
    <ClCompile Include="scene\Debug\DebugScene.cpp">
      <Filter>Scene\Debug</Filter>
    </ClCompile>
    <ClCompile Include="scene\StageSelect\SelectScene.cpp">
      <Filter>Scene\StatgeSelect</Filter>
    </ClCompile>
    <ClCompile Include="main.cpp">
      <Filter>Application</Filter>
    </ClCompile>
    <ClCompile Include="GameApplication.cpp">
      <Filter>Application</Filter>
    </ClCompile>
    <ClCompile Include="scene\GameOver\GameOverScene.cpp">
      <Filter>Scene\GameOver</Filter>
    </ClCompile>
    <ClCompile Include="components\RailPathComponent.cpp">
      <Filter>components</Filter>
    </ClCompile>
    <ClCompile Include="components\RailShooterPlayerComponent.cpp">
      <Filter>components</Filter>
    </ClCompile>
    <ClCompile Include="components\RailShooterEnemyComponent.cpp">
      <Filter>components</Filter>
    </ClCompile>
    <ClCompile Include="components\CameraFollowPlayerComponent.cpp">
      <Filter>components</Filter>
    </ClCompile>
    <ClCompile Include="components\DebrisComponent.cpp">
      <Filter>components</Filter>
    </ClCompile>
    <ClCompile Include="components\BossComponent.cpp">
      <Filter>components</Filter>
    </ClCompile>
    <ClCompile Include="components\DebrisManagerComponent.cpp">
      <Filter>components</Filter>
    </ClCompile>
    <ClCompile Include="components\GravityPlayerComponent.cpp">
      <Filter>components</Filter>
    </ClCompile>
    <ClCompile Include="components\DebugEnemySpawnerComponent.cpp">
      <Filter>components</Filter>
    </ClCompile>
  </ItemGroup>
  <ItemGroup>
    <ClInclude Include="scene\InGame\GameScene.h">
      <Filter>Scene\InGame</Filter>
    </ClInclude>
    <ClInclude Include="scene\Pause\PauseScene.h">
      <Filter>Scene\Pause</Filter>
    </ClInclude>
    <ClInclude Include="scene\Title\TitleScene.h">
      <Filter>Scene\Title</Filter>
    </ClInclude>
    <ClInclude Include="UI\LoadingScreen.h">
      <Filter>UI</Filter>
    </ClInclude>
    <ClInclude Include="UI\PromptController.h">
      <Filter>UI</Filter>
    </ClInclude>
    <ClInclude Include="scene\Clear\ClearScene.h">
      <Filter>Scene\Clear</Filter>
    </ClInclude>
    <ClInclude Include="scene\Debug\DebugScene.h">
      <Filter>Scene\Debug</Filter>
    </ClInclude>
    <ClInclude Include="scene\StageSelect\SelectScene.h">
      <Filter>Scene\StatgeSelect</Filter>
    </ClInclude>
    <ClInclude Include="GameApplication.h">
      <Filter>Application</Filter>
    </ClInclude>
    <ClInclude Include="scene\GameOver\GameOverScene.h">
      <Filter>Scene\GameOver</Filter>
    </ClInclude>
    <ClInclude Include="components\RailPathComponent.h">
      <Filter>components</Filter>
    </ClInclude>
    <ClInclude Include="components\RailShooterPlayerComponent.h">
      <Filter>components</Filter>
    </ClInclude>
    <ClInclude Include="components\RailShooterEnemyComponent.h">
      <Filter>components</Filter>
    </ClInclude>
    <ClInclude Include="components\CameraFollowPlayerComponent.h">
      <Filter>components</Filter>
    </ClInclude>
    <ClInclude Include="components\DebrisComponent.h">
      <Filter>components</Filter>
    </ClInclude>
    <ClInclude Include="components\BossComponent.h">
      <Filter>components</Filter>
    </ClInclude>
    <ClInclude Include="components\DebrisManagerComponent.h">
      <Filter>components</Filter>
    </ClInclude>
    <ClInclude Include="components\GravityPlayerComponent.h">
      <Filter>components</Filter>
    </ClInclude>
    <ClInclude Include="components\DebugEnemySpawnerComponent.h">
      <Filter>components</Filter>
    </ClInclude>
  </ItemGroup>
  <ItemGroup>
    <None Include="packages.config" />
  </ItemGroup>
</Project>
