<?xml version="1.0" encoding="utf-8"?>
<Project ToolsVersion="4.0" xmlns="http://schemas.microsoft.com/developer/msbuild/2003">
  <ItemGroup>
    <Filter Include="Scene">
      <UniqueIdentifier>{10000000-0000-0000-0000-000000000000}</UniqueIdentifier>
    </Filter>
    <Filter Include="Scene\InGame">
      <UniqueIdentifier>{10000000-0000-0000-0000-000000000001}</UniqueIdentifier>
    </Filter>
    <Filter Include="Scene\Pause">
      <UniqueIdentifier>{10000000-0000-0000-0000-000000000002}</UniqueIdentifier>
    </Filter>
    <Filter Include="Scene\Title">
      <UniqueIdentifier>{10000000-0000-0000-0000-000000000003}</UniqueIdentifier>
    </Filter>
    <Filter Include="Scene\Tutorial">
      <UniqueIdentifier>{10000000-0000-0000-0000-000000000004}</UniqueIdentifier>
    </Filter>
    <Filter Include="Scene\Clear">
      <UniqueIdentifier>{10000000-0000-0000-0000-000000000005}</UniqueIdentifier>
    </Filter>
    <Filter Include="Scene\Debug">
      <UniqueIdentifier>{10000000-0000-0000-0000-000000000006}</UniqueIdentifier>
    </Filter>
    <Filter Include="Scene\StageSelect">
      <UniqueIdentifier>{10000000-0000-0000-0000-000000000007}</UniqueIdentifier>
    </Filter>
    <Filter Include="Scene\GameOver">
      <UniqueIdentifier>{10000000-0000-0000-0000-000000000008}</UniqueIdentifier>
    </Filter>
    <Filter Include="Camera">
      <UniqueIdentifier>{20000000-0000-0000-0000-000000000000}</UniqueIdentifier>
    </Filter>
    <Filter Include="Application">
      <UniqueIdentifier>{30000000-0000-0000-0000-000000000000}</UniqueIdentifier>
    </Filter>
    <Filter Include="Actors">
      <UniqueIdentifier>{40000000-0000-0000-0000-000000000000}</UniqueIdentifier>
    </Filter>
    <Filter Include="Actors\Enemy">
      <UniqueIdentifier>{40000000-0000-0000-0000-000000000001}</UniqueIdentifier>
    </Filter>
    <Filter Include="Actors\Enemy\Body">
      <UniqueIdentifier>{40000000-0000-0000-0000-000000000002}</UniqueIdentifier>
    </Filter>
    <Filter Include="Actors\Enemy\Head">
      <UniqueIdentifier>{40000000-0000-0000-0000-000000000003}</UniqueIdentifier>
    </Filter>
    <Filter Include="Actors\Enemy\Head\Left">
      <UniqueIdentifier>{40000000-0000-0000-0000-000000000004}</UniqueIdentifier>
    </Filter>
    <Filter Include="Actors\Enemy\Head\Mid">
      <UniqueIdentifier>{40000000-0000-0000-0000-000000000005}</UniqueIdentifier>
    </Filter>
    <Filter Include="Actors\Enemy\Head\Right">
      <UniqueIdentifier>{40000000-0000-0000-0000-000000000006}</UniqueIdentifier>
    </Filter>
    <Filter Include="Actors\Enemy\Beam">
      <UniqueIdentifier>{dcdd1965-06ec-4286-90e8-090c885542f1}</UniqueIdentifier>
    </Filter>
    <Filter Include="Actors\Enemy\Bomb">
      <UniqueIdentifier>{dcdd1965-06ec-4286-90e8-090c885542f2}</UniqueIdentifier>
    </Filter>
    <Filter Include="Actors\Enemy\AI">
      <UniqueIdentifier>{40000000-0000-0000-0000-000000000007}</UniqueIdentifier>
    </Filter>
    <Filter Include="Actors\Enemy\Animation">
      <UniqueIdentifier>{40000000-0000-0000-0000-000000000008}</UniqueIdentifier>
    </Filter>
    <Filter Include="Actors\Enemy\Animation\EnemyAnimState">
      <UniqueIdentifier>{40000000-0000-0000-0000-000000000009}</UniqueIdentifier>
    </Filter>
    <Filter Include="Actors\Enemy\Animation\EnemyAnimState\Phase1">
      <UniqueIdentifier>{40000000-0000-0000-0000-00000000000A}</UniqueIdentifier>
    </Filter>
    <Filter Include="Actors\Enemy\Animation\EnemyAnimState\Phase1\Idle">
      <UniqueIdentifier>{40000000-0000-0000-0000-00000000000B}</UniqueIdentifier>
    </Filter>
    <Filter Include="Actors\Enemy\Animation\EnemyAnimState\Phase1\Beam">
      <UniqueIdentifier>{40000000-0000-0000-0000-00000000000C}</UniqueIdentifier>
    </Filter>
    <Filter Include="Actors\Enemy\Animation\EnemyAnimState\Phase1\Stomp">
      <UniqueIdentifier>{40000000-0000-0000-0000-00000000000D}</UniqueIdentifier>
    </Filter>
    <Filter Include="Actors\Enemy\Animation\EnemyAnimState\Phase1\Tackle">
      <UniqueIdentifier>{40000000-0000-0000-0000-00000000000E}</UniqueIdentifier>
    </Filter>
    <Filter Include="Actors\Enemy\Animation\EnemyAnimState\Phase1\NeckAttack">
      <UniqueIdentifier>{40000000-0000-0000-0000-00000000000F}</UniqueIdentifier>
    </Filter>
    <Filter Include="Actors\Enemy\Animation\EnemyAnimState\Phase2">
      <UniqueIdentifier>{40000000-0000-0000-0000-000000000010}</UniqueIdentifier>
    </Filter>
    <Filter Include="Actors\Enemy\Animation\EnemyAnimState\Phase2\Tackle">
      <UniqueIdentifier>{40000000-0000-0000-0000-000000000011}</UniqueIdentifier>
    </Filter>
    <Filter Include="Actors\Enemy\Animation\EnemyAnimState\Phase2\Beam">
      <UniqueIdentifier>{40000000-0000-0000-0000-000000000012}</UniqueIdentifier>
      <UniqueIdentifier>{36665063-e35b-4de5-ad89-4b6849e89ff5}</UniqueIdentifier>
    </Filter>
    <Filter Include="Actors\Enemy\Animation\EnemyAnimState\Phase2\Bomb">
      <UniqueIdentifier>{36665063-e35b-4de5-ad89-4b6849e89ff6}</UniqueIdentifier>
    </Filter>
    <Filter Include="Actors\Enemy\Animation\EnemyAnimState\Phase2\Idle">
      <UniqueIdentifier>{40000000-0000-0000-0000-000000000013}</UniqueIdentifier>
    </Filter>
    <Filter Include="Actors\Enemy\Beam">
      <UniqueIdentifier>{40000000-0000-0000-0000-000000000014}</UniqueIdentifier>
    </Filter>
    <Filter Include="Actors\Enemy\StompEffects">
      <UniqueIdentifier>{40000000-0000-0000-0000-000000000015}</UniqueIdentifier>
    </Filter>
    <Filter Include="Actors\Enemy\TackleEffects">
      <UniqueIdentifier>{40000000-0000-0000-0000-000000000016}</UniqueIdentifier>
    </Filter>
    <Filter Include="Actors\Player">
      <UniqueIdentifier>{40000000-0000-0000-0000-000000000017}</UniqueIdentifier>
    </Filter>
    <Filter Include="Contents">
      <UniqueIdentifier>{50000000-0000-0000-0000-000000000000}</UniqueIdentifier>
    </Filter>
    <Filter Include="Contents\Field">
      <UniqueIdentifier>{50000000-0000-0000-0000-000000000001}</UniqueIdentifier>
    </Filter>
    <Filter Include="Contents\Field\Building">
      <UniqueIdentifier>{50000000-0000-0000-0000-000000000002}</UniqueIdentifier>
    </Filter>
    <Filter Include="Contents\Effect">
      <UniqueIdentifier>{50000000-0000-0000-0000-000000000003}</UniqueIdentifier>
    </Filter>
    <Filter Include="Contents\Skydome">
      <UniqueIdentifier>{50000000-0000-0000-0000-000000000004}</UniqueIdentifier>
    </Filter>
    <Filter Include="Contents\UI">
      <UniqueIdentifier>{50000000-0000-0000-0000-000000000005}</UniqueIdentifier>
    </Filter>
    <Filter Include="Contents\Light">
      <UniqueIdentifier>{2545d0d3-8115-43aa-85ba-31e16072ccb8}</UniqueIdentifier>
    </Filter>
  </ItemGroup>
  <ItemGroup>
    <ClCompile Include="scene\InGame\GameScene.cpp">
      <Filter>Scene\InGame</Filter>
    </ClCompile>
    <ClCompile Include="scene\Pause\PauseScene.cpp">
      <Filter>Scene\Pause</Filter>
    </ClCompile>
    <ClCompile Include="scene\Title\TitleScene.cpp">
      <Filter>Scene\Title</Filter>
    </ClCompile>
    <ClCompile Include="scene\tutorial\TutorialScene.cpp">
      <Filter>Scene\Tutorial</Filter>
    </ClCompile>
    <ClCompile Include="scene\Clear\ClearScene.cpp">
      <Filter>Scene\Clear</Filter>
    </ClCompile>
    <ClCompile Include="scene\Debug\DebugScene.cpp">
      <Filter>Scene\Debug</Filter>
    </ClCompile>
    <ClCompile Include="scene\StageSelect\SelectScene.cpp">
      <Filter>Scene\StageSelect</Filter>
    </ClCompile>
    <ClCompile Include="main.cpp">
      <Filter>Application</Filter>
    </ClCompile>
    <ClCompile Include="GameApplication.cpp">
      <Filter>Application</Filter>
    </ClCompile>
    <ClCompile Include="actors\enemy\Enemy.cpp">
      <Filter>Actors\Enemy</Filter>
    </ClCompile>
    <ClCompile Include="actors\enemy\EnemyParameters.cpp">
      <Filter>Actors\Enemy</Filter>
    </ClCompile>
    <ClCompile Include="actors\player\Player.cpp">
      <Filter>Actors\Player</Filter>
    </ClCompile>
    <ClCompile Include="contents\field\Field.cpp">
      <Filter>Contents\Field</Filter>
    </ClCompile>
    <ClCompile Include="contents\effect\Effect.cpp">
      <Filter>Contents\Effect</Filter>
    </ClCompile>
    <ClCompile Include="contents\effect\FireworkEffect.cpp">
      <Filter>Contents\Effect</Filter>
    </ClCompile>
    <ClCompile Include="actors\enemy\Body\Body.cpp">
      <Filter>Actors\Enemy\Body</Filter>
    </ClCompile>
    <ClCompile Include="actors\enemy\Head\Left\HeadLeft.cpp">
      <Filter>Actors\Enemy\Head\Left</Filter>
    </ClCompile>
    <ClCompile Include="actors\enemy\Head\Mid\HeadMid.cpp">
      <Filter>Actors\Enemy\Head\Mid</Filter>
    </ClCompile>
    <ClCompile Include="actors\enemy\Head\Head.cpp">
      <Filter>Actors\Enemy\Head</Filter>
    </ClCompile>
    <ClCompile Include="actors\enemy\Head\Right\HeadRight.cpp">
      <Filter>Actors\Enemy\Head\Right</Filter>
    </ClCompile>
    <ClCompile Include="scene\GameOver\GameOverScene.cpp">
      <Filter>Scene\GameOver</Filter>
    </ClCompile>
    <ClCompile Include="contents\skydome\Skydome.cpp">
      <Filter>Contents\Skydome</Filter>
    </ClCompile>
    <ClCompile Include="actors\player\PlayerMovement.cpp">
      <Filter>Actors\Player</Filter>
    </ClCompile>
    <ClCompile Include="actors\player\PlayerWeapon.cpp">
      <Filter>Actors\Player</Filter>
    </ClCompile>
    <ClCompile Include="actors\player\PlayerCamera.cpp">
      <Filter>Actors\Player</Filter>
    </ClCompile>
    <ClCompile Include="actors\player\PlayerStatus.cpp">
      <Filter>Actors\Player</Filter>
    </ClCompile>
    <ClCompile Include="actors\enemy\AI\EnemyAI.cpp">
      <Filter>Actors\Enemy\AI</Filter>
    </ClCompile>
    <ClCompile Include="actors\enemy\Animation\EnemyAnimation.cpp">
      <Filter>Actors\Enemy\Animation</Filter>
    </ClCompile>
    <ClCompile Include="actors\enemy\Animation\EnemyAnimState\Phase1\Idle\Phase1_Idle.cpp">
      <Filter>Actors\Enemy\Animation\EnemyAnimState\Phase1\Idle</Filter>
    </ClCompile>
    <ClCompile Include="actors\enemy\Animation\EnemyAnimState\Phase1\Beam\Phase1_Beam.cpp">
      <Filter>Actors\Enemy\Animation\EnemyAnimState\Phase1\Beam</Filter>
    </ClCompile>
    <ClCompile Include="actors\enemy\Animation\EnemyAnimState\Phase1\Stomp\Phase1_Stomp.cpp">
      <Filter>Actors\Enemy\Animation\EnemyAnimState\Phase1\Stomp</Filter>
    </ClCompile>
    <ClCompile Include="actors\enemy\Animation\EnemyAnimState\Phase2\Tackle\Phase2_Tackle.cpp">
      <Filter>Actors\Enemy\Animation\EnemyAnimState\Phase2\Tackle</Filter>
    </ClCompile>
    <ClCompile Include="actors\enemy\Animation\EnemyAnimState\Phase2\Beam\Phase2_Beam.cpp">
      <Filter>Actors\Enemy\Animation\EnemyAnimState\Phase2\Beam</Filter>
    </ClCompile>
    <ClCompile Include="actors\enemy\Animation\EnemyAnimState\Phase2\Bomb\Phase2_Bomb.cpp">
      <Filter>Actors\Enemy\Animation\EnemyAnimState\Phase2\Bomb</Filter>
    </ClCompile>
    <ClCompile Include="actors\enemy\Animation\EnemyAnimState\Phase2\Idle\Phase2_Idle.cpp">
      <Filter>Actors\Enemy\Animation\EnemyAnimState\Phase2\Idle</Filter>
    </ClCompile>
    <ClCompile Include="actors\enemy\Animation\EnemyAnimState\Phase2\Phase2.cpp">
      <Filter>Actors\Enemy\Animation\EnemyAnimState\Phase2</Filter>
    </ClCompile>
    <ClCompile Include="actors\enemy\Animation\EnemyAnimState\Phase1\Phase1.cpp">
      <Filter>Actors\Enemy\Animation\EnemyAnimState\Phase1</Filter>
    </ClCompile>
    <ClCompile Include="actors\enemy\Beam\EnemyBeam.cpp">
      <Filter>Actors\Enemy\Beam</Filter>
    </ClCompile>
    <ClCompile Include="actors\enemy\StompEffects\EnemyStompEffects.cpp">
      <Filter>Actors\Enemy\StompEffects</Filter>
    </ClCompile>
    <ClCompile Include="actors\enemy\Bomb\EnemyBomb.cpp">
      <Filter>Actors\Enemy\Bomb</Filter>
    </ClCompile>
    <ClCompile Include="actors\enemy\StompEffects\EnemyStompEffects.cpp" />
    <ClCompile Include="contents\ui\EnemyHPBar.cpp">
      <Filter>Contents\UI</Filter>
    </ClCompile>
    <ClCompile Include="contents\ui\EnemyPartHPBar.cpp">
      <Filter>Contents\UI</Filter>
    </ClCompile>
    <ClCompile Include="contents\ui\PlayerHPBar.cpp">
      <Filter>Contents\UI</Filter>
    </ClCompile>
    <ClCompile Include="contents\field\building\building.cpp">
      <Filter>Contents\Field\Building</Filter>
    </ClCompile>
    <ClCompile Include="actors\enemy\Animation\EnemyAnimState\Phase1\NeckAttack\Phase1_NeckAttack.cpp">
      <Filter>Actors\Enemy\Animation\EnemyAnimState\Phase1\NeckAttack</Filter>
    </ClCompile>
    <ClCompile Include="actors\enemy\Animation\EnemyAnimState\Phase1\Tackle\Phase1_Tackle.cpp">
      <Filter>Actors\Enemy\Animation\EnemyAnimState\Phase1\Tackle</Filter>
    </ClCompile>
    <ClCompile Include="actors\enemy\TackleEffects\EnemyTackleEffects.cpp">
      <Filter>Actors\Enemy\TackleEffects</Filter>
    </ClCompile>
    <ClCompile Include="contents\light\DynamicArenaLight.cpp">
      <Filter>Contents\Light</Filter>
    </ClCompile>
  </ItemGroup>
  <ItemGroup>
    <ClInclude Include="scene\InGame\GameScene.h">
      <Filter>Scene\InGame</Filter>
    </ClInclude>
    <ClInclude Include="scene\Pause\PauseScene.h">
      <Filter>Scene\Pause</Filter>
    </ClInclude>
    <ClInclude Include="scene\Title\TitleScene.h">
      <Filter>Scene\Title</Filter>
    </ClInclude>
    <ClInclude Include="scene\tutorial\TutorialScene.h">
      <Filter>Scene\Tutorial</Filter>
    </ClInclude>
    <ClInclude Include="scene\Clear\ClearScene.h">
      <Filter>Scene\Clear</Filter>
    </ClInclude>
    <ClInclude Include="scene\Debug\DebugScene.h">
      <Filter>Scene\Debug</Filter>
    </ClInclude>
    <ClInclude Include="scene\StageSelect\SelectScene.h">
      <Filter>Scene\StageSelect</Filter>
    </ClInclude>
    <ClInclude Include="GameApplication.h">
      <Filter>Application</Filter>
    </ClInclude>
    <ClInclude Include="actors\enemy\Enemy.h">
      <Filter>Actors\Enemy</Filter>
    </ClInclude>
    <ClInclude Include="actors\enemy\EnemyParameters.h">
      <Filter>Actors\Enemy</Filter>
    </ClInclude>
    <ClInclude Include="actors\player\Player.h">
      <Filter>Actors\Player</Filter>
    </ClInclude>
    <ClInclude Include="contents\effect\Effect.h">
      <Filter>Contents\Effect</Filter>
    </ClInclude>
    <ClInclude Include="contents\effect\FireworkEffect.h">
      <Filter>Contents\Effect</Filter>
    </ClInclude>
    <ClInclude Include="actors\enemy\Body\Body.h">
      <Filter>Actors\Enemy\Body</Filter>
    </ClInclude>
    <ClInclude Include="actors\enemy\Head\Left\HeadLeft.h">
      <Filter>Actors\Enemy\Head\Left</Filter>
    </ClInclude>
    <ClInclude Include="actors\enemy\Head\Mid\HeadMid.h">
      <Filter>Actors\Enemy\Head\Mid</Filter>
    </ClInclude>
    <ClInclude Include="actors\enemy\Head\Head.h">
      <Filter>Actors\Enemy\Head</Filter>
    </ClInclude>
    <ClInclude Include="actors\enemy\Head\Right\HeadRight.h">
      <Filter>Actors\Enemy\Head\Right</Filter>
    </ClInclude>
    <ClInclude Include="contents\field\Field.h">
      <Filter>Contents\Field</Filter>
    </ClInclude>
    <ClInclude Include="scene\GameOver\GameOverScene.h">
      <Filter>Scene\GameOver</Filter>
    </ClInclude>
    <ClInclude Include="actors\player\PlayerMovement.h">
      <Filter>Actors\Player</Filter>
    </ClInclude>
    <ClInclude Include="actors\player\PlayerWeapon.h">
      <Filter>Actors\Player</Filter>
    </ClInclude>
    <ClInclude Include="actors\player\PlayerCamera.h">
      <Filter>Actors\Player</Filter>
    </ClInclude>
    <ClInclude Include="actors\player\PlayerStatus.h">
      <Filter>Actors\Player</Filter>
    </ClInclude>
    <ClInclude Include="contents\skydome\Skydome.h">
      <Filter>Contents\Skydome</Filter>
    </ClInclude>
    <ClInclude Include="actors\enemy\EnemyState.h">
      <Filter>Actors\Enemy</Filter>
    </ClInclude>
    <ClInclude Include="actors\enemy\AI\EnemyAI.h">
      <Filter>Actors\Enemy\AI</Filter>
    </ClInclude>
    <ClInclude Include="actors\enemy\Animation\EnemyAnimation.h">
      <Filter>Actors\Enemy\Animation</Filter>
    </ClInclude>
    <ClInclude Include="actors\enemy\Animation\EnemyAnimState\Phase1\Idle\Phase1_Idle.h">
      <Filter>Actors\Enemy\Animation\EnemyAnimState\Phase1\Idle</Filter>
    </ClInclude>
    <ClInclude Include="actors\enemy\Animation\EnemyAnimState\Phase1\Beam\Phase1_Beam.h">
      <Filter>Actors\Enemy\Animation\EnemyAnimState\Phase1\Beam</Filter>
    </ClInclude>
    <ClInclude Include="actors\enemy\Animation\EnemyAnimState\Phase1\Stomp\Phase1_Stomp.h">
      <Filter>Actors\Enemy\Animation\EnemyAnimState\Phase1\Stomp</Filter>
    </ClInclude>
    <ClInclude Include="actors\enemy\Animation\EnemyAnimState\Phase2\Tackle\Phase2_Tackle.h">
      <Filter>Actors\Enemy\Animation\EnemyAnimState\Phase2\Tackle</Filter>
    </ClInclude>
    <ClInclude Include="actors\enemy\Animation\EnemyAnimState\Phase2\Beam\Phase2_Beam.h">
      <Filter>Actors\Enemy\Animation\EnemyAnimState\Phase2\Beam</Filter>
    </ClInclude>
    <ClInclude Include="actors\enemy\Animation\EnemyAnimState\Phase2\Bomb\Phase2_Bomb.h">
      <Filter>Actors\Enemy\Animation\EnemyAnimState\Phase2\Bomb</Filter>
    </ClInclude>
    <ClInclude Include="actors\enemy\Animation\EnemyAnimState\Phase2\Idle\Phase2_Idle.h">
      <Filter>Actors\Enemy\Animation\EnemyAnimState\Phase2\Idle</Filter>
    </ClInclude>
    <ClInclude Include="actors\enemy\Animation\EnemyAnimState\Phase2\Phase2.h">
      <Filter>Actors\Enemy\Animation\EnemyAnimState\Phase2</Filter>
    </ClInclude>
    <ClInclude Include="actors\enemy\Animation\EnemyAnimState\Phase1\Phase1.h">
      <Filter>Actors\Enemy\Animation\EnemyAnimState\Phase1</Filter>
    </ClInclude>
    <ClInclude Include="actors\enemy\Beam\EnemyBeam.h">
      <Filter>Actors\Enemy\Beam</Filter>
    </ClInclude>
    <ClInclude Include="actors\enemy\Bomb\EnemyBomb.h">
      <Filter>Actors\Enemy\Bomb</Filter>
    </ClInclude>
    <ClInclude Include="actors\enemy\Animation\IEnemyAnimationState.h">
      <Filter>Actors\Enemy\Animation</Filter>
    </ClInclude>
    <ClInclude Include="actors\enemy\StompEffects\EnemyStompEffects.h">
      <Filter>Actors\Enemy\StompEffects</Filter>
    </ClInclude>
    <ClInclude Include="actors\enemy\Animation\EnemyAnimState\Phase1\Tackle\Phase1_Tackle.h">
      <Filter>Actors\Enemy\Animation\EnemyAnimState\Phase1\Tackle</Filter>
    </ClInclude>
    <ClInclude Include="actors\enemy\TackleEffects\EnemyTackleEffects.h">
      <Filter>Actors\Enemy\TackleEffects</Filter>
    </ClInclude>
    <ClInclude Include="actors\enemy\Animation\EnemyAnimState\Phase1\NeckAttack\Phase1_NeckAttack.h">
      <Filter>Actors\Enemy\Animation\EnemyAnimState\Phase1\NeckAttack</Filter>
    </ClInclude>
    <ClInclude Include="contents\field\building\building.h">
      <Filter>Contents\Field\Building</Filter>
    </ClInclude>
    <ClInclude Include="contents\ui\EnemyHPBar.h">
      <Filter>Contents\UI</Filter>
    </ClInclude>
    <ClInclude Include="contents\ui\EnemyPartHPBar.h">
      <Filter>Contents\UI</Filter>
    </ClInclude>
    <ClInclude Include="contents\ui\PlayerHPBar.h">
      <Filter>Contents\UI</Filter>
    </ClInclude>
    <ClInclude Include="contents\light\DynamicArenaLight.h">
      <Filter>Contents\Light</Filter>
    </ClInclude>
  </ItemGroup>
</Project>