<?xml version='1.0' encoding='utf-8'?>
<Project ToolsVersion="4.0" xmlns="http://schemas.microsoft.com/developer/msbuild/2003">
  <ItemGroup>
    <Filter Include="..">
      <UniqueIdentifier>{58b9e70b-65a7-7700-ba66-e9c64d6b9f89}</UniqueIdentifier>
    </Filter>
    <Filter Include="externals">
      <UniqueIdentifier>{9131901e-dcc0-7d05-bf89-70aa3cdf998b}</UniqueIdentifier>
    </Filter>
    <Filter Include="externals\msdfgen">
      <UniqueIdentifier>{424eed29-ed29-e6c6-4025-01ce40e8a909}</UniqueIdentifier>
    </Filter>
    <Filter Include="externals\msdfgen\core">
      <UniqueIdentifier>{ded75ce1-2a58-cbbd-64c6-1d27d32a7957}</UniqueIdentifier>
    </Filter>
    <Filter Include="externals\msdfgen\ext">
      <UniqueIdentifier>{503c3afe-8a9b-d509-fab9-68a47d89ef14}</UniqueIdentifier>
    </Filter>
    <Filter Include="Audio">
      <UniqueIdentifier>{b22f0418-e8ac-915e-b66f-829d262d14a2}</UniqueIdentifier>
    </Filter>
    <Filter Include="Core">
      <UniqueIdentifier>{83168e6c-b289-d732-cc78-427b51f93153}</UniqueIdentifier>
    </Filter>
    <Filter Include="Core\Math">
      <UniqueIdentifier>{c6783bac-d551-f3ae-176d-af39836d0b88}</UniqueIdentifier>
    </Filter>
    <Filter Include="Core\Math\Geometry">
      <UniqueIdentifier>{f2d88519-4de7-a61f-c2e9-78fda78825ca}</UniqueIdentifier>
    </Filter>
    <Filter Include="Core\Math\Random">
      <UniqueIdentifier>{c284eec0-b554-8228-4df8-ad7e4ed381e3}</UniqueIdentifier>
    </Filter>
    <Filter Include="Core\Pattern">
      <UniqueIdentifier>{7a571ab9-13a5-a4cd-a9c4-c58d021ce335}</UniqueIdentifier>
    </Filter>
    <Filter Include="Core\Profiler">
      <UniqueIdentifier>{db7ccf44-09e0-55df-b51f-74f283e91574}</UniqueIdentifier>
    </Filter>
    <Filter Include="Core\Shape">
      <UniqueIdentifier>{f5b7902e-8b76-d0a0-22d6-bc87a4f239be}</UniqueIdentifier>
    </Filter>
    <Filter Include="Core\System">
      <UniqueIdentifier>{7a9c2bac-ac35-95ec-6ad1-aba6343044ce}</UniqueIdentifier>
    </Filter>
    <Filter Include="Core\Type">
      <UniqueIdentifier>{4e83dbfa-b885-5013-2361-37d84c7ff078}</UniqueIdentifier>
    </Filter>
    <Filter Include="Core\Utility">
      <UniqueIdentifier>{fc2d567a-0371-369e-04e2-3eb4791702d7}</UniqueIdentifier>
    </Filter>
    <Filter Include="Engine">
      <UniqueIdentifier>{7bfa3072-1c5e-726f-f17e-3f972237a82c}</UniqueIdentifier>
    </Filter>
    <Filter Include="EngineResources">
      <UniqueIdentifier>{30afb778-645f-363f-43b3-72fd564675d9}</UniqueIdentifier>
    </Filter>
    <Filter Include="EngineResources\FontAwesome">
      <UniqueIdentifier>{6cbaa3a8-52ef-fd5b-dec8-269f6446de2c}</UniqueIdentifier>
    </Filter>
    <Filter Include="Framework">
      <UniqueIdentifier>{07782c22-a88d-1e82-a099-10124a9225a2}</UniqueIdentifier>
    </Filter>
    <Filter Include="Framework\Component">
      <UniqueIdentifier>{d07a6784-7f2b-219a-6d5d-79c868fe64b0}</UniqueIdentifier>
    </Filter>
    <Filter Include="Framework\Component\Audio">
      <UniqueIdentifier>{79dc44cd-55f1-c4a1-5eec-080668605c19}</UniqueIdentifier>
    </Filter>
    <Filter Include="Framework\Component\Camera">
      <UniqueIdentifier>{debb8bc2-e0e8-70c3-5adc-ed44c1b53b36}</UniqueIdentifier>
    </Filter>
    <Filter Include="Framework\Component\Collider">
      <UniqueIdentifier>{a97e8fd8-3b63-e404-de02-75c63bc1b141}</UniqueIdentifier>
    </Filter>
    <Filter Include="Framework\Component\Effect">
      <UniqueIdentifier>{5d94e809-6061-ed29-c5dc-75101875d49a}</UniqueIdentifier>
    </Filter>
    <Filter Include="Framework\Component\Logic">
      <UniqueIdentifier>{91a9a8cd-7579-e508-acc9-65ddbb4c83bf}</UniqueIdentifier>
    </Filter>
    <Filter Include="Framework\Component\Renderer">
      <UniqueIdentifier>{f4b2a06d-0bef-3a72-32ee-c1727b8b7ed2}</UniqueIdentifier>
    </Filter>
    <Filter Include="Framework\Component\UI">
      <UniqueIdentifier>{d6fd9fd1-526f-3e09-1683-0fa1b2aa8c0e}</UniqueIdentifier>
    </Filter>
    <Filter Include="Framework\Component\Utility">
      <UniqueIdentifier>{2550c88f-2f76-fe1a-5bc9-eca42658e3cd}</UniqueIdentifier>
    </Filter>
    <Filter Include="Framework\Component\VirtualEntity">
      <UniqueIdentifier>{ffede1f6-c1c9-ec71-dd44-c0f20e231ce5}</UniqueIdentifier>
    </Filter>
    <Filter Include="Framework\GameObject">
      <UniqueIdentifier>{7faf726f-1cd6-0754-aa0a-0f5ea903e19f}</UniqueIdentifier>
    </Filter>
    <Filter Include="Framework\Scene">
      <UniqueIdentifier>{5719c85a-e42a-7f53-e3d6-d36f12197943}</UniqueIdentifier>
    </Filter>
    <Filter Include="Framework\UI">
      <UniqueIdentifier>{7642f2b8-5f1a-673a-7085-2bbd97cb0abd}</UniqueIdentifier>
    </Filter>
    <Filter Include="Physics">
      <UniqueIdentifier>{50ae99e9-c354-46c2-580e-4b540b0fd104}</UniqueIdentifier>
    </Filter>
    <Filter Include="Physics\Collision">
      <UniqueIdentifier>{d33b55e1-be53-537a-6082-9c5dff2c2b7b}</UniqueIdentifier>
    </Filter>
    <Filter Include="Platform">
      <UniqueIdentifier>{419f3742-e6de-8e0e-c4b2-2cce005e7630}</UniqueIdentifier>
    </Filter>
    <Filter Include="Platform\Input">
      <UniqueIdentifier>{135adf55-0496-2596-3953-5233a600533b}</UniqueIdentifier>
    </Filter>
    <Filter Include="Platform\WindowsAPI">
      <UniqueIdentifier>{99345114-053e-a232-07fc-ac2c0ae17aec}</UniqueIdentifier>
    </Filter>
    <Filter Include="RHI">
      <UniqueIdentifier>{c45045e7-ade7-b7c9-7259-a3fbc39e66e8}</UniqueIdentifier>
    </Filter>
    <Filter Include="RHI\DirectX12">
      <UniqueIdentifier>{bb4b4225-eee8-f268-27c3-8b930d3d730c}</UniqueIdentifier>
    </Filter>
    <Filter Include="Renderer">
      <UniqueIdentifier>{07b20ae9-7004-8fc2-002d-756f27acc863}</UniqueIdentifier>
    </Filter>
    <Filter Include="Renderer\Camera">
      <UniqueIdentifier>{035fae93-fc41-6479-9c5f-d4fb8cba28de}</UniqueIdentifier>
    </Filter>
    <Filter Include="Renderer\Compute">
      <UniqueIdentifier>{7761dc4a-5158-7bd9-6387-2c827799d071}</UniqueIdentifier>
    </Filter>
    <Filter Include="Renderer\Data">
      <UniqueIdentifier>{1667b761-8220-1aa8-43ee-89edb712b996}</UniqueIdentifier>
    </Filter>
    <Filter Include="Renderer\Font">
      <UniqueIdentifier>{31d5ea54-ebe5-a500-599c-567c40171f0f}</UniqueIdentifier>
    </Filter>
    <Filter Include="Renderer\Object">
      <UniqueIdentifier>{fa3507eb-ca8e-2632-ac33-7ccb3e9cad17}</UniqueIdentifier>
    </Filter>
    <Filter Include="Renderer\Object\2D">
      <UniqueIdentifier>{9d008f63-4294-57c0-e572-05ba1a42b42a}</UniqueIdentifier>
    </Filter>
    <Filter Include="Renderer\Object\2D\Primitive">
      <UniqueIdentifier>{f3f1db1c-a9cc-ea69-8340-64f6ce5e54e8}</UniqueIdentifier>
    </Filter>
    <Filter Include="Renderer\Object\2D\PrimitiveBatch">
      <UniqueIdentifier>{eaaa4d50-b05f-6c0b-8617-4a66eb6362cf}</UniqueIdentifier>
    </Filter>
    <Filter Include="Renderer\Object\2D\Sprite">
      <UniqueIdentifier>{042d5dc3-2d86-5824-851b-cc9e64c9a035}</UniqueIdentifier>
    </Filter>
    <Filter Include="Renderer\Object\2D\SpriteBatch">
      <UniqueIdentifier>{92f6a797-8cb0-ab14-9dcb-6e4924ec957e}</UniqueIdentifier>
    </Filter>
    <Filter Include="Renderer\Object\2D\Text">
      <UniqueIdentifier>{fa5b901e-5df8-0259-3d1f-7caf47b1596b}</UniqueIdentifier>
    </Filter>
    <Filter Include="Renderer\Object\3D">
      <UniqueIdentifier>{4382c58f-9e67-fdfa-7e8e-27d2ea1eb0e9}</UniqueIdentifier>
    </Filter>
    <Filter Include="Renderer\Object\3D\AnimationModel">
      <UniqueIdentifier>{6589037b-3b3e-7f47-aa61-0f37a537d90b}</UniqueIdentifier>
    </Filter>
    <Filter Include="Renderer\Object\3D\Primitive">
      <UniqueIdentifier>{bf9a51a8-2f20-632b-feb8-ea9ae940af61}</UniqueIdentifier>
    </Filter>
    <Filter Include="Renderer\Object\3D\StaticModelObject">
      <UniqueIdentifier>{a47cfc0d-9dd8-92b7-3ade-ca1f620dca41}</UniqueIdentifier>
    </Filter>
    <Filter Include="Renderer\Object\Batch">
      <UniqueIdentifier>{ff82855a-b757-0d53-4796-d0fb7491e440}</UniqueIdentifier>
    </Filter>
    <Filter Include="Renderer\Object\Effect">
      <UniqueIdentifier>{dbb3fa00-fd4e-9f67-ca64-8021f65fbacb}</UniqueIdentifier>
    </Filter>
    <Filter Include="Renderer\Object\Line">
      <UniqueIdentifier>{4c57dca3-78e0-6a8b-379b-8180c17e99f1}</UniqueIdentifier>
    </Filter>
    <Filter Include="Renderer\Object\Line\Data">
      <UniqueIdentifier>{093c3817-de67-7650-a015-345b83b4ce6a}</UniqueIdentifier>
    </Filter>
    <Filter Include="Renderer\Object\Particle">
      <UniqueIdentifier>{16c36c53-f841-4153-b617-3f7174151517}</UniqueIdentifier>
    </Filter>
    <Filter Include="Renderer\Object\Skybox">
      <UniqueIdentifier>{c051433f-bfac-0aa3-ad7a-117375f22aca}</UniqueIdentifier>
    </Filter>
    <Filter Include="Renderer\Pipeline">
      <UniqueIdentifier>{bb7e2eaf-0661-fa98-cc95-188c9b18c89a}</UniqueIdentifier>
    </Filter>
    <Filter Include="Renderer\Pipeline\RenderGraph">
      <UniqueIdentifier>{52b6e8e4-859e-f045-508f-cb4665f2eabc}</UniqueIdentifier>
    </Filter>
    <Filter Include="Renderer\PostProcess">
      <UniqueIdentifier>{0d1c1fb1-ae67-e295-a014-eeda86927243}</UniqueIdentifier>
    </Filter>
    <Filter Include="Renderer\System">
      <UniqueIdentifier>{616c23bc-e11d-bfa0-ecb3-b96b8a3e491a}</UniqueIdentifier>
    </Filter>
    <Filter Include="Renderer\System\Core">
      <UniqueIdentifier>{e67de216-2c41-53e7-2be5-df3965b94497}</UniqueIdentifier>
    </Filter>
    <Filter Include="Renderer\System\Data">
      <UniqueIdentifier>{0e339f90-402d-091d-f128-2917fd4debb8}</UniqueIdentifier>
    </Filter>
    <Filter Include="Renderer\System\ParticleGPU">
      <UniqueIdentifier>{d4a57ac9-7f1a-fdc7-ec92-c108a24fa0b3}</UniqueIdentifier>
    </Filter>
    <Filter Include="Renderer\System\VoxelParticle">
      <UniqueIdentifier>{cd0de1cd-1bda-4ab9-85fa-f95f44a29177}</UniqueIdentifier>
    </Filter>
    <Filter Include="Resource">
      <UniqueIdentifier>{be8545ae-7ab0-276e-1589-8aae7acfbd7a}</UniqueIdentifier>
    </Filter>
    <Filter Include="Resource\Audio">
      <UniqueIdentifier>{54c88ee7-5616-ed11-940d-37ecbc8cd042}</UniqueIdentifier>
    </Filter>
    <Filter Include="Resource\Audio\Data">
      <UniqueIdentifier>{3727a059-2eab-e226-2d6e-4a5fdd34ac86}</UniqueIdentifier>
    </Filter>
    <Filter Include="Resource\Model">
      <UniqueIdentifier>{4764a803-ecb8-149d-b2de-4573668101bc}</UniqueIdentifier>
    </Filter>
    <Filter Include="Resource\Model\Data">
      <UniqueIdentifier>{372c8407-ec6f-05fd-fdb8-505a53ed883c}</UniqueIdentifier>
    </Filter>
    <Filter Include="Resource\Texture">
      <UniqueIdentifier>{6e22c4b3-4816-908b-8071-60a21c1b7077}</UniqueIdentifier>
    </Filter>
  </ItemGroup>
  <ItemGroup>
    <ClCompile Include="Framework\Component\Effect\EffectMaskComponent.cpp">
      <Filter>Framework\Component\Effect</Filter>
    </ClCompile>
    <ClCompile Include="Framework\Component\Component.cpp">
      <Filter>Framework\Component</Filter>
    </ClCompile>
    <ClCompile Include="Framework\Component\Effect\ParticleFieldComponent.cpp">
      <Filter>Framework\Component\Effect</Filter>
    </ClCompile>
    <ClCompile Include="..\externals\msdfgen\core\Contour.cpp">
      <Filter>externals\msdfgen\core</Filter>
    </ClCompile>
    <ClCompile Include="..\externals\msdfgen\core\DistanceMapping.cpp">
      <Filter>externals\msdfgen\core</Filter>
    </ClCompile>
    <ClCompile Include="..\externals\msdfgen\core\EdgeHolder.cpp">
      <Filter>externals\msdfgen\core</Filter>
    </ClCompile>
    <ClCompile Include="..\externals\msdfgen\core\MSDFErrorCorrection.cpp">
      <Filter>externals\msdfgen\core</Filter>
    </ClCompile>
    <ClCompile Include="..\externals\msdfgen\core\Projection.cpp">
      <Filter>externals\msdfgen\core</Filter>
    </ClCompile>
    <ClCompile Include="..\externals\msdfgen\core\Scanline.cpp">
      <Filter>externals\msdfgen\core</Filter>
    </ClCompile>
    <ClCompile Include="..\externals\msdfgen\core\Shape.cpp">
      <Filter>externals\msdfgen\core</Filter>
    </ClCompile>
    <ClCompile Include="..\externals\msdfgen\core\contour-combiners.cpp">
      <Filter>externals\msdfgen\core</Filter>
    </ClCompile>
    <ClCompile Include="..\externals\msdfgen\core\convergent-curve-ordering.cpp">
      <Filter>externals\msdfgen\core</Filter>
    </ClCompile>
    <ClCompile Include="..\externals\msdfgen\core\edge-coloring.cpp">
      <Filter>externals\msdfgen\core</Filter>
    </ClCompile>
    <ClCompile Include="..\externals\msdfgen\core\edge-segments.cpp">
      <Filter>externals\msdfgen\core</Filter>
    </ClCompile>
    <ClCompile Include="..\externals\msdfgen\core\edge-selectors.cpp">
      <Filter>externals\msdfgen\core</Filter>
    </ClCompile>
    <ClCompile Include="..\externals\msdfgen\core\equation-solver.cpp">
      <Filter>externals\msdfgen\core</Filter>
    </ClCompile>
    <ClCompile Include="..\externals\msdfgen\core\export-svg.cpp">
      <Filter>externals\msdfgen\core</Filter>
    </ClCompile>
    <ClCompile Include="..\externals\msdfgen\core\msdf-error-correction.cpp">
      <Filter>externals\msdfgen\core</Filter>
    </ClCompile>
    <ClCompile Include="..\externals\msdfgen\core\msdfgen.cpp">
      <Filter>externals\msdfgen\core</Filter>
    </ClCompile>
    <ClCompile Include="..\externals\msdfgen\core\rasterization.cpp">
      <Filter>externals\msdfgen\core</Filter>
    </ClCompile>
    <ClCompile Include="..\externals\msdfgen\core\render-sdf.cpp">
      <Filter>externals\msdfgen\core</Filter>
    </ClCompile>
    <ClCompile Include="..\externals\msdfgen\core\save-bmp.cpp">
      <Filter>externals\msdfgen\core</Filter>
    </ClCompile>
    <ClCompile Include="..\externals\msdfgen\core\save-fl32.cpp">
      <Filter>externals\msdfgen\core</Filter>
    </ClCompile>
    <ClCompile Include="..\externals\msdfgen\core\save-rgba.cpp">
      <Filter>externals\msdfgen\core</Filter>
    </ClCompile>
    <ClCompile Include="..\externals\msdfgen\core\save-tiff.cpp">
      <Filter>externals\msdfgen\core</Filter>
    </ClCompile>
    <ClCompile Include="..\externals\msdfgen\core\sdf-error-estimation.cpp">
      <Filter>externals\msdfgen\core</Filter>
    </ClCompile>
    <ClCompile Include="..\externals\msdfgen\core\shape-description.cpp">
      <Filter>externals\msdfgen\core</Filter>
    </ClCompile>
    <ClCompile Include="..\externals\msdfgen\ext\import-font.cpp">
      <Filter>externals\msdfgen\ext</Filter>
    </ClCompile>
    <ClCompile Include="..\externals\msdfgen\ext\import-svg.cpp">
      <Filter>externals\msdfgen\ext</Filter>
    </ClCompile>
    <ClCompile Include="..\externals\msdfgen\ext\resolve-shape-geometry.cpp">
      <Filter>externals\msdfgen\ext</Filter>
    </ClCompile>
    <ClCompile Include="..\externals\msdfgen\ext\save-png.cpp">
      <Filter>externals\msdfgen\ext</Filter>
    </ClCompile>
    <ClCompile Include="Physics\Collision\Collision.cpp">
      <Filter>Physics\Collision</Filter>
    </ClCompile>
    <ClCompile Include="Physics\Collision\DynamicBVH.cpp">
      <Filter>Physics\Collision</Filter>
    </ClCompile>
    <ClCompile Include="Core\Math\MathFunction.cpp">
      <Filter>Core\Math</Filter>
    </ClCompile>
    <ClCompile Include="Core\Math\Matrix4x4.cpp">
      <Filter>Core\Math</Filter>
    </ClCompile>
    <ClCompile Include="Core\Math\NumericalSequence.cpp">
      <Filter>Core\Math</Filter>
    </ClCompile>
    <ClCompile Include="Core\Math\Quaternion.cpp">
      <Filter>Core\Math</Filter>
    </ClCompile>
    <ClCompile Include="Core\Math\Random\Random.cpp">
      <Filter>Core\Math\Random</Filter>
    </ClCompile>
    <ClCompile Include="Core\Math\Vector2.cpp">
      <Filter>Core\Math</Filter>
    </ClCompile>
    <ClCompile Include="Core\Math\Vector3.cpp">
      <Filter>Core\Math</Filter>
    </ClCompile>
    <ClCompile Include="Core\Math\Vector4.cpp">
      <Filter>Core\Math</Filter>
    </ClCompile>
    <ClCompile Include="Core\System\DirectoryWatcher.cpp">
      <Filter>Core\System</Filter>
    </ClCompile>
    <ClCompile Include="Core\System\ResourceCachePool.cpp">
      <Filter>Core\System</Filter>
    </ClCompile>
    <ClCompile Include="Core\Utility\Ease.cpp">
      <Filter>Core\Utility</Filter>
    </ClCompile>
    <ClCompile Include="Core\Utility\PerlinNoise.cpp">
      <Filter>Core\Utility</Filter>
    </ClCompile>
    <ClCompile Include="Core\Utility\ErrorUtility.cpp">
      <Filter>Core\Utility</Filter>
    </ClCompile>
    <ClCompile Include="Core\Utility\Log.cpp">
      <Filter>Core\Utility</Filter>
    </ClCompile>
    <ClCompile Include="Core\Utility\FileSystem.cpp">
      <Filter>Core\Utility</Filter>
    </ClCompile>
    <ClCompile Include="Core\Utility\StringUtility.cpp">
      <Filter>Core\Utility</Filter>
    </ClCompile>
    <ClCompile Include="Renderer\Camera\Camera.cpp">
      <Filter>Renderer\Camera</Filter>
    </ClCompile>
    <ClCompile Include="Renderer\Camera\CameraManager.cpp">
      <Filter>Renderer\Camera</Filter>
    </ClCompile>
    <ClCompile Include="Renderer\Camera\OrbitCameraController.cpp">
      <Filter>Renderer\Camera</Filter>
    </ClCompile>
    <ClCompile Include="RHI\DirectX12\DXCommandManager.cpp">
      <Filter>RHI\DirectX12</Filter>
    </ClCompile>
    <ClCompile Include="RHI\DirectX12\DXRootSignatureManager.cpp">
      <Filter>RHI\DirectX12</Filter>
    </ClCompile>
    <ClCompile Include="RHI\DirectX12\DXSwapChainManager.cpp">
      <Filter>RHI\DirectX12</Filter>
    </ClCompile>
    <ClCompile Include="RHI\DirectX12\DescriptorAllocator.cpp">
      <Filter>RHI\DirectX12</Filter>
    </ClCompile>
    <ClCompile Include="RHI\DirectX12\DescriptorPool.cpp">
      <Filter>RHI\DirectX12</Filter>
    </ClCompile>
    <ClCompile Include="RHI\DirectX12\DirectXCommon.cpp">
      <Filter>RHI\DirectX12</Filter>
    </ClCompile>
    <ClCompile Include="RHI\DirectX12\FrameRateController.cpp">
      <Filter>RHI\DirectX12</Filter>
    </ClCompile>
    <ClCompile Include="RHI\DirectX12\RenderTexture.cpp">
      <Filter>RHI\DirectX12</Filter>
    </ClCompile>
    <ClCompile Include="RHI\DirectX12\ShaderCompiler.cpp">
      <Filter>RHI\DirectX12</Filter>
    </ClCompile>
    <ClCompile Include="RHI\DirectX12\ShaderManager.cpp">
      <Filter>RHI\DirectX12</Filter>
    </ClCompile>
    <ClCompile Include="RHI\DirectX12\ShadowMap.cpp">
      <Filter>RHI\DirectX12</Filter>
    </ClCompile>
    <ClCompile Include="Renderer\Font\FontManager.cpp">
      <Filter>Renderer\Font</Filter>
    </ClCompile>
    <ClCompile Include="Renderer\Pipeline\PSOManager.cpp">
      <Filter>Renderer\Pipeline</Filter>
    </ClCompile>
    <ClCompile Include="Renderer\Pipeline\RenderGraph\ComputePass.cpp">
      <Filter>Renderer\Pipeline\RenderGraph</Filter>
    </ClCompile>
    <ClCompile Include="Renderer\Pipeline\RenderGraph\MainOpaquePass.cpp">
      <Filter>Renderer\Pipeline\RenderGraph</Filter>
    </ClCompile>
    <ClCompile Include="Renderer\Pipeline\RenderGraph\TopMostPass.cpp">
      <Filter>Renderer\Pipeline\RenderGraph</Filter>
    </ClCompile>
    <ClCompile Include="Renderer\Pipeline\RenderGraph\MainTransparentPass.cpp">
      <Filter>Renderer\Pipeline\RenderGraph</Filter>
    </ClCompile>
    <ClCompile Include="Renderer\Pipeline\RenderGraph\PostProcessPass.cpp">
      <Filter>Renderer\Pipeline\RenderGraph</Filter>
    </ClCompile>
    <ClCompile Include="Renderer\Pipeline\RenderGraph\RenderGraph.cpp">
      <Filter>Renderer\Pipeline\RenderGraph</Filter>
    </ClCompile>
    <ClCompile Include="Renderer\Pipeline\RenderGraph\SelectionOutlinePass.cpp">
      <Filter>Renderer\Pipeline\RenderGraph</Filter>
    </ClCompile>
    <ClCompile Include="Renderer\Pipeline\RenderGraph\ShadowPass.cpp">
      <Filter>Renderer\Pipeline\RenderGraph</Filter>
    </ClCompile>
    <ClCompile Include="Renderer\Pipeline\RenderGraph\TransientResourceManager.cpp">
      <Filter>Renderer\Pipeline\RenderGraph</Filter>
    </ClCompile>
    <ClCompile Include="Renderer\Pipeline\RenderGraph\UIPass.cpp">
      <Filter>Renderer\Pipeline\RenderGraph</Filter>
    </ClCompile>
    <ClCompile Include="Renderer\Pipeline\RenderGraph\PostUIPass.cpp">
      <Filter>Renderer\Pipeline\RenderGraph</Filter>
    </ClCompile>
    <ClCompile Include="Renderer\PostProcess\PostProcessManager.cpp">
      <Filter>Renderer\PostProcess</Filter>
    </ClCompile>
    <ClCompile Include="Renderer\PostProcess\PostProcessRunner.cpp">
      <Filter>Renderer\PostProcess</Filter>
    </ClCompile>
    <ClCompile Include="Core\System\EngineCVars.cpp">
      <Filter>Core\System</Filter>
    </ClCompile>
    <ClCompile Include="Framework\Utility\CVar.cpp">
      <Filter>Framework\Utility</Filter>
    </ClCompile>
    <ClCompile Include="Core\System\IrufemiEngine.cpp">
      <Filter>Core\System</Filter>
    </ClCompile>
    <ClCompile Include="Core\Profiler\TelemetrySender.cpp">
      <Filter>Core\Profiler</Filter>
    </ClCompile>
    <ClCompile Include="Core\Profiler\TelemetryGatherer.cpp">
      <Filter>Core\Profiler</Filter>
    </ClCompile>
    <ClCompile Include="Core\Profiler\GpuProfiler.cpp">
      <Filter>Core\Profiler</Filter>
    </ClCompile>
    <ClCompile Include="Physics\CollisionManager.cpp">
      <Filter>Physics</Filter>
    </ClCompile>
    <ClCompile Include="Framework\UI\DebugUI.cpp">
      <Filter>Framework\UI</Filter>
    </ClCompile>
    <ClCompile Include="Renderer\DrawManager.cpp">
      <Filter>Renderer</Filter>
    </ClCompile>
    <ClCompile Include="Renderer\ScreenCaptureManager.cpp">
      <Filter>Renderer</Filter>
    </ClCompile>
    <ClCompile Include="Renderer\Object\PrimitiveManager.cpp">
      <Filter>Renderer\Object</Filter>
    </ClCompile>
    <ClCompile Include="Platform\Input\GamePad.cpp">
      <Filter>Platform\Input</Filter>
    </ClCompile>
    <ClCompile Include="Platform\Input\InputManager.cpp">
      <Filter>Platform\Input</Filter>
    </ClCompile>
    <ClCompile Include="Platform\Input\InputMappingContext.cpp">
      <Filter>Platform\Input</Filter>
    </ClCompile>
    <ClCompile Include="Platform\Input\Keyboard.cpp">
      <Filter>Platform\Input</Filter>
    </ClCompile>
    <ClCompile Include="Platform\Input\Mouse.cpp">
      <Filter>Platform\Input</Filter>
    </ClCompile>
    <ClCompile Include="Platform\WindowsAPI\WinApp.cpp">
      <Filter>Platform\WindowsAPI</Filter>
    </ClCompile>
    <ClCompile Include="Framework\Scene\BaseScene.cpp">
      <Filter>Framework\Scene</Filter>
    </ClCompile>
    <ClCompile Include="Framework\Scene\DebugScene.cpp">
      <Filter>Framework\Scene</Filter>
    </ClCompile>
    <ClCompile Include="Framework\Component\Audio\AudioSourceComponent.cpp">
      <Filter>Framework\Component\Audio</Filter>
    </ClCompile>
    <ClCompile Include="Framework\Component\Camera\CameraComponent.cpp">
      <Filter>Framework\Component\Camera</Filter>
    </ClCompile>
    <ClCompile Include="Framework\Component\Camera\CameraShakeComponent.cpp">
      <Filter>Framework\Component\Camera</Filter>
    </ClCompile>
    <ClCompile Include="Framework\Component\Camera\TargetFollowComponent.cpp">
      <Filter>Framework\Component\Camera</Filter>
    </ClCompile>
    <ClCompile Include="Framework\Component\Collider\AABBColliderComponent.cpp">
      <Filter>Framework\Component\Collider</Filter>
    </ClCompile>
    <ClCompile Include="Framework\Component\Collider\ColliderComponent.cpp">
      <Filter>Framework\Component\Collider</Filter>
    </ClCompile>
    <ClCompile Include="Framework\Component\Collider\OBBColliderComponent.cpp">
      <Filter>ソース ファイル\Framework\Component\Collider</Filter>
    </ClCompile>
    <ClCompile Include="Framework\Component\Collider\SphereColliderComponent.cpp">
      <Filter>ソース ファイル\Framework\Component\Collider</Filter>
    </ClCompile>
    <ClCompile Include="Framework\Component\ComponentFactory.cpp">
      <Filter>Framework\Component</Filter>
    </ClCompile>
    <ClCompile Include="Framework\Component\Effect\ParticleEmitterComponent.cpp">
      <Filter>Framework\Component\Effect</Filter>
    </ClCompile>
    <ClCompile Include="Framework\Component\Effect\VoxelParticleComponent.cpp">
      <Filter>Framework\Component\Effect</Filter>
    </ClCompile>
    <ClCompile Include="Framework\Component\Effect\ScreenEffectComponent.cpp">
      <Filter>Framework\Component\Effect</Filter>
    </ClCompile>
    <ClCompile Include="Framework\Component\Effect\GlobalPostProcessComponent.cpp">
      <Filter>Framework\Component\Effect</Filter>
    </ClCompile>
    <ClCompile Include="Framework\Component\Effect\PostProcessSettings.cpp">
      <Filter>Framework\Component\Effect</Filter>
    </ClCompile>
    <ClCompile Include="Framework\Component\Renderer\MeshRendererComponent.cpp">
      <Filter>Framework\Component\Renderer</Filter>
    </ClCompile>
    <ClCompile Include="Framework\Component\Renderer\ModelBatchRendererComponent.cpp">
      <Filter>Framework\Component\Renderer</Filter>
    </ClCompile>
    <ClCompile Include="Framework\Component\Renderer\PrimitiveRendererComponent.cpp">
      <Filter>Framework\Component\Renderer</Filter>
    </ClCompile>
    <ClCompile Include="Framework\Component\Renderer\Primitive2DRendererComponent.cpp">
      <Filter>Framework\Component\Renderer</Filter>
    </ClCompile>
    <ClCompile Include="Framework\Component\Renderer\SpriteRendererComponent.cpp">
      <Filter>Framework\Component\Renderer</Filter>
    </ClCompile>
    <ClCompile Include="Framework\Component\Renderer\TextRendererComponent.cpp">
      <Filter>Framework\Component\Renderer</Filter>
    </ClCompile>
    <ClCompile Include="Framework\Component\TransformComponent.cpp">
      <Filter>Framework\Component</Filter>
    </ClCompile>
    <ClCompile Include="Framework\Component\UI\ButtonComponent.cpp">
      <Filter>Framework\Component\UI</Filter>
    </ClCompile>
    <ClCompile Include="Framework\Component\UI\SliderComponent.cpp">
      <Filter>Framework\Component\UI</Filter>
    </ClCompile>
    <ClCompile Include="Framework\Component\UI\CanvasComponent.cpp">
      <Filter>Framework\Component\UI</Filter>
    </ClCompile>
    <ClCompile Include="Framework\Component\Utility\LifetimeComponent.cpp">
      <Filter>Framework\Component\Utility</Filter>
    </ClCompile>
    <ClCompile Include="Framework\Component\Utility\SplineComponent.cpp">
      <Filter>Framework\Component\Utility</Filter>
    </ClCompile>
    <ClCompile Include="Framework\Component\Utility\SplineNodeComponent.cpp">
      <Filter>Framework\Component\Utility</Filter>
    </ClCompile>
    <ClCompile Include="Framework\GameObject\GameObject.cpp">
      <Filter>Framework\GameObject</Filter>
    </ClCompile>
    <ClCompile Include="Framework\Scene\IScene.cpp">
      <Filter>Framework\Scene</Filter>
    </ClCompile>
    <ClCompile Include="Framework\Scene\SceneManager.cpp">
      <Filter>Framework\Scene</Filter>
    </ClCompile>
    <ClCompile Include="Framework\Scene\SceneSerializer.cpp">
      <Filter>Framework\Scene</Filter>
    </ClCompile>
    <ClCompile Include="Framework\Scene\OptionsScene.cpp">
      <Filter>Framework\Scene</Filter>
    </ClCompile>
    <ClCompile Include="Framework\Scene\SceneTransition.cpp">
      <Filter>Framework\Scene</Filter>
    </ClCompile>
    <ClCompile Include="Framework\UI\UIAnimator.cpp">
      <Filter>Framework\UI</Filter>
    </ClCompile>
    <ClCompile Include="Framework\UI\UISelectionGroup.cpp">
      <Filter>Framework\UI</Filter>
    </ClCompile>
    <ClCompile Include="Renderer\Object\2D\Primitive\Primitive2DObject.cpp">
      <Filter>Renderer\Object\2D\Primitive</Filter>
    </ClCompile>
    <ClCompile Include="Renderer\Object\2D\PrimitiveBatch\Primitive2DBatch.cpp">
      <Filter>Renderer\Object\2D\PrimitiveBatch</Filter>
    </ClCompile>
    <ClCompile Include="Renderer\Object\2D\SpriteBatch\SpriteBatch.cpp">
      <Filter>Renderer\Object\2D\SpriteBatch</Filter>
    </ClCompile>
    <ClCompile Include="Renderer\Object\2D\Sprite\Sprite.cpp">
      <Filter>Renderer\Object\2D\Sprite</Filter>
    </ClCompile>
    <ClCompile Include="Renderer\Object\2D\Text\Text.cpp">
      <Filter>Renderer\Object\2D\Text</Filter>
    </ClCompile>
    <ClCompile Include="Renderer\Object\3D\AnimationModel\AnimatedMeshObject.cpp">
      <Filter>Renderer\Object\3D\AnimationModel</Filter>
    </ClCompile>
    <ClCompile Include="Resource\Model\Animator.cpp">
      <Filter>Resource\Model</Filter>
    </ClCompile>
    <ClCompile Include="Framework\Component\Logic\AnimatorComponent.cpp">
      <Filter>Framework\Component\Logic</Filter>
    </ClCompile>
    <ClCompile Include="Framework\Component\Logic\SpawnPointComponent.cpp">
      <Filter>Framework\Component\Logic</Filter>
    </ClCompile>
    <ClCompile Include="Framework\Component\Logic\BoneAttachmentComponent.cpp">
      <Filter>Framework\Component\Logic</Filter>
    </ClCompile>
    <ClCompile Include="Framework\Component\Renderer\SkinnedMeshRendererComponent.cpp">
      <Filter>Framework\Component\Renderer</Filter>
    </ClCompile>
    <ClCompile Include="Framework\Component\Renderer\SkeletonDebugRendererComponent.cpp">
      <Filter>Framework\Component\Renderer</Filter>
    </ClCompile>
    <ClCompile Include="Renderer\Object\3D\Primitive\Primitive3DObject.cpp">
      <Filter>Renderer\Object\3D\Primitive</Filter>
    </ClCompile>
    <ClCompile Include="Renderer\Object\3D\StaticModelObject\StaticModelObject.cpp">
      <Filter>Renderer\Object\3D\StaticModelObject</Filter>
    </ClCompile>
    <ClCompile Include="Renderer\Object\Batch\DebugPrimitiveRenderer.cpp">
      <Filter>Renderer\Object\Batch</Filter>
    </ClCompile>
    <ClCompile Include="Renderer\Object\Batch\ModelBatch.cpp">
      <Filter>Renderer\Object\Batch</Filter>
    </ClCompile>
    <ClCompile Include="Renderer\Object\Batch\PrimitiveBatch.cpp">
      <Filter>Renderer\Object\Batch</Filter>
    </ClCompile>
    <ClCompile Include="Renderer\Object\Effect\Effect.cpp">
      <Filter>Renderer\Object\Effect</Filter>
    </ClCompile>
    <ClCompile Include="Renderer\Object\Line\LineClass.cpp">
      <Filter>Renderer\Object\Line</Filter>
    </ClCompile>
    <ClCompile Include="Renderer\Object\Particle\ParticleObject.cpp">
      <Filter>Renderer\Object\Particle</Filter>
    </ClCompile>
    <ClCompile Include="Renderer\Object\Skybox\Skybox.cpp">
      <Filter>Renderer\Object\Skybox</Filter>
    </ClCompile>
    <ClCompile Include="Renderer\System\Core\BaseBatch.cpp">
      <Filter>Renderer\System\Core</Filter>
    </ClCompile>
    <ClCompile Include="Renderer\System\Core\BaseModel.cpp">
      <Filter>Renderer\System\Core</Filter>
    </ClCompile>
    <ClCompile Include="Renderer\System\Core\BaseResource.cpp">
      <Filter>Renderer\System\Core</Filter>
    </ClCompile>
    <ClCompile Include="Renderer\System\Core\LineResource.cpp">
      <Filter>Renderer\System\Core</Filter>
    </ClCompile>
    <ClCompile Include="Renderer\System\Core\Object2DResource.cpp">
      <Filter>Renderer\System\Core</Filter>
    </ClCompile>
    <ClCompile Include="Renderer\System\Core\Object3DResource.cpp">
      <Filter>Renderer\System\Core</Filter>
    </ClCompile>
    <ClCompile Include="Renderer\System\Data\RenderData.cpp">
      <Filter>Renderer\System\Data</Filter>
    </ClCompile>
    <ClCompile Include="Renderer\System\ParticleGPU\GPUParticleManager.cpp">
      <Filter>Renderer\System\ParticleGPU</Filter>
    </ClCompile>
    <ClCompile Include="Renderer\System\ParticleGPU\GPUParticleSystem.cpp">
      <Filter>Renderer\System\ParticleGPU</Filter>
    </ClCompile>
    <ClCompile Include="Renderer\System\VoxelParticle\VoxelParticleManager.cpp">
      <Filter>Renderer\System\VoxelParticle</Filter>
    </ClCompile>
    <ClCompile Include="Renderer\System\VoxelParticle\VoxelParticleSystem.cpp">
      <Filter>Renderer\System\VoxelParticle</Filter>
    </ClCompile>
    <ClCompile Include="Audio\AudioManager.cpp">
      <Filter>Audio</Filter>
    </ClCompile>
    <ClCompile Include="Audio\AudioPlayer.cpp">
      <Filter>Audio</Filter>
    </ClCompile>
    <ClCompile Include="Audio\Sound.cpp">
      <Filter>Audio</Filter>
    </ClCompile>
    <ClCompile Include="Resource\Model\AnimationManager.cpp">
      <Filter>Resource\Model</Filter>
    </ClCompile>
    <ClCompile Include="Resource\Model\ModelManager.cpp">
      <Filter>Resource\Model</Filter>
    </ClCompile>
    <ClCompile Include="Resource\Model\ModelImporter.cpp">
      <Filter>Resource\Model</Filter>
    </ClCompile>
    <ClCompile Include="Resource\Model\ModelSerializer.cpp">
      <Filter>Resource\Model</Filter>
    </ClCompile>
    <ClCompile Include="Resource\Model\AnimationImporter.cpp">
      <Filter>Resource\Model</Filter>
    </ClCompile>
    <ClCompile Include="Resource\Model\AnimationSerializer.cpp">
      <Filter>Resource\Model</Filter>
    </ClCompile>
    <ClCompile Include="Resource\Texture\Texture.cpp">
      <Filter>Resource\Texture</Filter>
    </ClCompile>
    <ClCompile Include="Resource\Texture\TextureManager.cpp">
      <Filter>Resource\Texture</Filter>
    </ClCompile>
    <ClCompile Include="Resource\Texture\TextureUtility.cpp">
      <Filter>Resource\Texture</Filter>
    </ClCompile>
    <ClCompile Include="Framework\Component\VirtualEntity\VirtualEntityManagerComponent.cpp">
      <Filter>Framework\Component\VirtualEntity</Filter>
    </ClCompile>
  </ItemGroup>
  <ItemGroup>
    <ClInclude Include="Framework\Component\Effect\EffectMaskComponent.h">
      <Filter>Framework\Component\Effect</Filter>
    </ClInclude>
    <ClInclude Include="Framework\Component\Effect\ParticleFieldComponent.h">
      <Filter>Framework\Component\Effect</Filter>
    </ClInclude>
    <ClInclude Include="Engine\Irufemi.h">
      <Filter>Engine</Filter>
    </ClInclude>
    <ClInclude Include="Core\System\IrufemiEngine.h">
      <Filter>Core\System</Filter>
    </ClInclude>
    <ClInclude Include="Core\Profiler\TelemetrySender.h">
      <Filter>Core\Profiler</Filter>
    </ClInclude>
    <ClInclude Include="Core\Profiler\TelemetryGatherer.h">
      <Filter>Core\Profiler</Filter>
    </ClInclude>
    <ClInclude Include="Core\Profiler\GpuProfiler.h">
      <Filter>Core\Profiler</Filter>
    </ClInclude>
    <ClInclude Include="Core\Math\Math.h">
      <Filter>Core\Math</Filter>
    </ClInclude>
    <ClInclude Include="Core\Math\MathFunction.h">
      <Filter>Core\Math</Filter>
    </ClInclude>
    <ClInclude Include="Core\Math\Matrix3x3.h">
      <Filter>Core\Math</Filter>
    </ClInclude>
    <ClInclude Include="Core\Math\Matrix4x4.h">
      <Filter>Core\Math</Filter>
    </ClInclude>
    <ClInclude Include="Core\Math\NumericalSequence.h">
      <Filter>Core\Math</Filter>
    </ClInclude>
    <ClInclude Include="Core\Math\Quaternion.h">
      <Filter>Core\Math</Filter>
    </ClInclude>
    <ClInclude Include="Core\Math\QuaternionTransform.h">
      <Filter>Core\Math</Filter>
    </ClInclude>
    <ClInclude Include="Core\Math\Transform.h">
      <Filter>Core\Math</Filter>
    </ClInclude>
    <ClInclude Include="Core\Math\Vector2.h">
      <Filter>Core\Math</Filter>
    </ClInclude>
    <ClInclude Include="Core\Math\Vector3.h">
      <Filter>Core\Math</Filter>
    </ClInclude>
    <ClInclude Include="Core\Math\Vector3Int.h">
      <Filter>Core\Math</Filter>
    </ClInclude>
    <ClInclude Include="Core\Math\Vector4.h">
      <Filter>Core\Math</Filter>
    </ClInclude>
    <ClInclude Include="Core\Math\Geometry\AABB.h">
      <Filter>Core\Math\Geometry</Filter>
    </ClInclude>
    <ClInclude Include="Physics\Collision\Collision.h">
      <Filter>Physics\Collision</Filter>
    </ClInclude>
    <ClInclude Include="Physics\Collision\DynamicBVH.h">
      <Filter>Physics\Collision</Filter>
    </ClInclude>
    <ClInclude Include="Core\Math\Geometry\Frustum.h">
      <Filter>Core\Math\Geometry</Filter>
    </ClInclude>
    <ClInclude Include="Core\Math\Geometry\OBB.h">
      <Filter>Core\Math\Geometry</Filter>
    </ClInclude>
    <ClInclude Include="Core\Math\Random\Random.h">
      <Filter>Core\Math\Random</Filter>
    </ClInclude>
    <ClInclude Include="Core\Pattern\Singleton.h">
      <Filter>Core\Pattern</Filter>
    </ClInclude>
    <ClInclude Include="Core\Shape\Ball.h">
      <Filter>Core\Shape</Filter>
    </ClInclude>
    <ClInclude Include="Core\Shape\LinePrimitive.h">
      <Filter>Core\Shape</Filter>
    </ClInclude>
    <ClInclude Include="Core\Shape\Plane.h">
      <Filter>Core\Shape</Filter>
    </ClInclude>
    <ClInclude Include="Core\Shape\Sphere.h">
      <Filter>Core\Shape</Filter>
    </ClInclude>
    <ClInclude Include="Core\Shape\Triangle.h">
      <Filter>Core\Shape</Filter>
    </ClInclude>
    <ClInclude Include="Core\System\DirectoryWatcher.h">
      <Filter>Core\System</Filter>
    </ClInclude>
    <ClInclude Include="Core\System\ResourceCachePool.h">
      <Filter>Core\System</Filter>
    </ClInclude>
    <ClInclude Include="Core\System\ResourceHandle.h">
      <Filter>Core\System</Filter>
    </ClInclude>
    <ClInclude Include="Core\System\IEngineExtension.h">
      <Filter>Core\System</Filter>
    </ClInclude>
    <ClInclude Include="Core\System\TaskGroup.h">
      <Filter>Core\System</Filter>
    </ClInclude>
    <ClInclude Include="Core\System\ThreadPool.h">
      <Filter>Core\System</Filter>
    </ClInclude>
    <ClInclude Include="Core\Type\BlendMode.h">
      <Filter>Core\Type</Filter>
    </ClInclude>
    <ClInclude Include="Core\Type\LRDirection.h">
      <Filter>Core\Type</Filter>
    </ClInclude>
    <ClInclude Include="Core\Type\PerFrame.h">
      <Filter>Core\Type</Filter>
    </ClInclude>
    <ClInclude Include="Core\Type\PerView.h">
      <Filter>Core\Type</Filter>
    </ClInclude>
    <ClInclude Include="Core\Type\PrimitiveType.h">
      <Filter>Core\Type</Filter>
    </ClInclude>
    <ClInclude Include="Core\Type\Voxel.h">
      <Filter>Core\Type</Filter>
    </ClInclude>
    <ClInclude Include="Core\Utility\DXUtility.h">
      <Filter>Core\Utility</Filter>
    </ClInclude>
    <ClInclude Include="Core\Utility\Ease.h">
      <Filter>Core\Utility</Filter>
    </ClInclude>
    <ClInclude Include="Core\Utility\PerlinNoise.h">
      <Filter>Core\Utility</Filter>
    </ClInclude>
    <ClInclude Include="Core\Utility\Log.h">
      <Filter>Core\Utility</Filter>
    </ClInclude>
    <ClInclude Include="Core\Utility\FileSystem.h">
      <Filter>Core\Utility</Filter>
    </ClInclude>
    <ClInclude Include="Core\Utility\ErrorUtility.h">
      <Filter>Core\Utility</Filter>
    </ClInclude>
    <ClInclude Include="Core\Utility\ObjectPool.h">
      <Filter>Core\Utility</Filter>
    </ClInclude>
    <ClInclude Include="Core\Utility\StringUtility.h">
      <Filter>Core\Utility</Filter>
    </ClInclude>
    <ClInclude Include="Renderer\Camera\Camera.h">
      <Filter>Renderer\Camera</Filter>
    </ClInclude>
    <ClInclude Include="Renderer\Camera\CameraManager.h">
      <Filter>Renderer\Camera</Filter>
    </ClInclude>
    <ClInclude Include="Renderer\Camera\OrbitCameraController.h">
      <Filter>Renderer\Camera</Filter>
    </ClInclude>
    <ClInclude Include="Renderer\Compute\IComputeTask.h">
      <Filter>Renderer\Compute</Filter>
    </ClInclude>
    <ClInclude Include="Renderer\Data\AOEParams.h">
      <Filter>Renderer\Data</Filter>
    </ClInclude>
    <ClInclude Include="Renderer\Data\AreaLight.h">
      <Filter>Renderer\Data</Filter>
    </ClInclude>
    <ClInclude Include="Renderer\Data\BombCoreParams.h">
      <Filter>Renderer\Data</Filter>
    </ClInclude>
    <ClInclude Include="Renderer\Data\CameraForGPU.h">
      <Filter>Renderer\Data</Filter>
    </ClInclude>
    <ClInclude Include="Renderer\Data\DirectionalLight.h">
      <Filter>Renderer\Data</Filter>
    </ClInclude>
    <ClInclude Include="Renderer\Data\ExplosionParams.h">
      <Filter>Renderer\Data</Filter>
    </ClInclude>
    <ClInclude Include="Renderer\Data\LightCommonData.h">
      <Filter>Renderer\Data</Filter>
    </ClInclude>
    <ClInclude Include="Renderer\Data\LightningParams.h">
      <Filter>Renderer\Data</Filter>
    </ClInclude>
    <ClInclude Include="Renderer\Data\Material.h">
      <Filter>Renderer\Data</Filter>
    </ClInclude>
    <ClInclude Include="Renderer\Data\PointLight.h">
      <Filter>Renderer\Data</Filter>
    </ClInclude>
    <ClInclude Include="Renderer\Data\RenderPackets.h">
      <Filter>Renderer\Data</Filter>
    </ClInclude>
    <ClInclude Include="Renderer\Data\SceneGPUStructs.h">
      <Filter>Renderer\Data</Filter>
    </ClInclude>
    <ClInclude Include="Renderer\Data\SpotLight.h">
      <Filter>Renderer\Data</Filter>
    </ClInclude>
    <ClInclude Include="Renderer\Data\Spring.h">
      <Filter>Renderer\Data</Filter>
    </ClInclude>
    <ClInclude Include="Renderer\Data\TransformationMatrix.h">
      <Filter>Renderer\Data</Filter>
    </ClInclude>
    <ClInclude Include="Renderer\Data\VertexData.h">
      <Filter>Renderer\Data</Filter>
    </ClInclude>
    <ClInclude Include="RHI\DirectX12\ConstantBuffer.h">
      <Filter>RHI\DirectX12</Filter>
    </ClInclude>
    <ClInclude Include="RHI\DirectX12\D3DResourceLeakChecker.h">
      <Filter>RHI\DirectX12</Filter>
    </ClInclude>
    <ClInclude Include="RHI\DirectX12\DescriptorAllocator.h">
      <Filter>RHI\DirectX12</Filter>
    </ClInclude>
    <ClInclude Include="RHI\DirectX12\DescriptorPool.h">
      <Filter>RHI\DirectX12</Filter>
    </ClInclude>
    <ClInclude Include="RHI\DirectX12\DirectXCommon.h">
      <Filter>RHI\DirectX12</Filter>
    </ClInclude>
    <ClInclude Include="RHI\DirectX12\DirectXUtils.h">
      <Filter>RHI\DirectX12</Filter>
    </ClInclude>
    <ClInclude Include="RHI\DirectX12\DXCommandManager.h">
      <Filter>RHI\DirectX12</Filter>
    </ClInclude>
    <ClInclude Include="RHI\DirectX12\DXRootSignatureManager.h">
      <Filter>RHI\DirectX12</Filter>
    </ClInclude>
    <ClInclude Include="RHI\DirectX12\DXSwapChainManager.h">
      <Filter>RHI\DirectX12</Filter>
    </ClInclude>
    <ClInclude Include="RHI\DirectX12\DynamicConstantBuffer.h">
      <Filter>RHI\DirectX12</Filter>
    </ClInclude>
    <ClInclude Include="RHI\DirectX12\FrameRateController.h">
      <Filter>RHI\DirectX12</Filter>
    </ClInclude>
    <ClInclude Include="RHI\DirectX12\RenderTexture.h">
      <Filter>RHI\DirectX12</Filter>
    </ClInclude>
    <ClInclude Include="RHI\DirectX12\RootSignatureConfig.h">
      <Filter>RHI\DirectX12</Filter>
    </ClInclude>
    <ClInclude Include="RHI\DirectX12\ShaderCompiler.h">
      <Filter>RHI\DirectX12</Filter>
    </ClInclude>
    <ClInclude Include="RHI\DirectX12\ShaderManager.h">
      <Filter>RHI\DirectX12</Filter>
    </ClInclude>
    <ClInclude Include="RHI\DirectX12\ShadowMap.h">
      <Filter>RHI\DirectX12</Filter>
    </ClInclude>
    <ClInclude Include="Renderer\Font\FontManager.h">
      <Filter>Renderer\Font</Filter>
    </ClInclude>
    <ClInclude Include="Renderer\Pipeline\PSOManager.h">
      <Filter>Renderer\Pipeline</Filter>
    </ClInclude>
    <ClInclude Include="Renderer\Pipeline\RenderGraph\ComputePass.h">
      <Filter>Renderer\Pipeline\RenderGraph</Filter>
    </ClInclude>
    <ClInclude Include="Renderer\Pipeline\RenderGraph\IRenderPass.h">
      <Filter>Renderer\Pipeline\RenderGraph</Filter>
    </ClInclude>
    <ClInclude Include="Renderer\Pipeline\RenderGraph\MainOpaquePass.h">
      <Filter>Renderer\Pipeline\RenderGraph</Filter>
    </ClInclude>
    <ClInclude Include="Renderer\Pipeline\RenderGraph\TopMostPass.h">
      <Filter>Renderer\Pipeline\RenderGraph</Filter>
    </ClInclude>
    <ClInclude Include="Renderer\Pipeline\RenderGraph\MainTransparentPass.h">
      <Filter>Renderer\Pipeline\RenderGraph</Filter>
    </ClInclude>
    <ClInclude Include="Renderer\Pipeline\RenderGraph\PostProcessPass.h">
      <Filter>Renderer\Pipeline\RenderGraph</Filter>
    </ClInclude>
    <ClInclude Include="Renderer\Pipeline\RenderGraph\RenderGraph.h">
      <Filter>Renderer\Pipeline\RenderGraph</Filter>
    </ClInclude>
    <ClInclude Include="Renderer\Pipeline\RenderGraph\RenderGraphBuilder.h">
      <Filter>Renderer\Pipeline\RenderGraph</Filter>
    </ClInclude>
    <ClInclude Include="Renderer\Pipeline\RenderGraph\SelectionOutlinePass.h">
      <Filter>Renderer\Pipeline\RenderGraph</Filter>
    </ClInclude>
    <ClInclude Include="Renderer\Pipeline\RenderGraph\ShadowPass.h">
      <Filter>Renderer\Pipeline\RenderGraph</Filter>
    </ClInclude>
    <ClInclude Include="Renderer\Pipeline\RenderGraph\TransientResourceManager.h">
      <Filter>Renderer\Pipeline\RenderGraph</Filter>
    </ClInclude>
    <ClInclude Include="Renderer\Pipeline\RenderGraph\UIPass.h">
      <Filter>Renderer\Pipeline\RenderGraph</Filter>
    </ClInclude>
    <ClInclude Include="Renderer\Pipeline\RenderGraph\PostUIPass.h">
      <Filter>Renderer\Pipeline\RenderGraph</Filter>
    </ClInclude>
    <ClInclude Include="Renderer\PostProcess\PostProcessManager.h">
      <Filter>Renderer\PostProcess</Filter>
    </ClInclude>
    <ClInclude Include="Renderer\PostProcess\PostProcessRunner.h">
      <Filter>Renderer\PostProcess</Filter>
    </ClInclude>
    <ClInclude Include="Framework\Utility\CVar.h">
      <Filter>Framework\Utility</Filter>
    </ClInclude>
    <ClInclude Include="Physics\CollisionManager.h">
      <Filter>Physics</Filter>
    </ClInclude>
    <ClInclude Include="Framework\UI\DebugUI.h">
      <Filter>Framework\UI</Filter>
    </ClInclude>
    <ClInclude Include="Renderer\DrawManager.h">
      <Filter>Renderer</Filter>
    </ClInclude>
    <ClInclude Include="Renderer\ScreenCaptureManager.h">
      <Filter>Renderer</Filter>
    </ClInclude>
    <ClInclude Include="Renderer\Object\PrimitiveManager.h">
      <Filter>Renderer\Object</Filter>
    </ClInclude>
    <ClInclude Include="Platform\Input\GamePad.h">
      <Filter>Platform\Input</Filter>
    </ClInclude>
    <ClInclude Include="Platform\Input\InputAction.h">
      <Filter>Platform\Input</Filter>
    </ClInclude>
    <ClInclude Include="Platform\Input\InputMappingContext.h">
      <Filter>Platform\Input</Filter>
    </ClInclude>
    <ClInclude Include="Platform\Input\InputManager.h">
      <Filter>Platform\Input</Filter>
    </ClInclude>
    <ClInclude Include="Platform\Input\Keyboard.h">
      <Filter>Platform\Input</Filter>
    </ClInclude>
    <ClInclude Include="Platform\Input\Mouse.h">
      <Filter>Platform\Input</Filter>
    </ClInclude>
    <ClInclude Include="Platform\WindowsAPI\WinApp.h">
      <Filter>Platform\WindowsAPI</Filter>
    </ClInclude>
    <ClInclude Include="EngineResources\FontAwesome\IconsFontAwesome6.h">
      <Filter>EngineResources\FontAwesome</Filter>
    </ClInclude>
    <ClInclude Include="Framework\Scene\BaseScene.h">
      <Filter>Framework\Scene</Filter>
    </ClInclude>
    <ClInclude Include="Framework\Scene\DebugScene.h">
      <Filter>Framework\Scene</Filter>
    </ClInclude>
    <ClInclude Include="Framework\GameObject\GameObject.h">
      <Filter>Framework\GameObject</Filter>
    </ClInclude>
    <ClInclude Include="Framework\Scene\IScene.h">
      <Filter>Framework\Scene</Filter>
    </ClInclude>
    <ClInclude Include="Core\System\ILoadingScreen.h">
      <Filter>Core\System</Filter>
    </ClInclude>
    <ClInclude Include="Framework\Scene\SceneManager.h">
      <Filter>Framework\Scene</Filter>
    </ClInclude>
    <ClInclude Include="Framework\Scene\SceneSerializer.h">
      <Filter>Framework\Scene</Filter>
    </ClInclude>
    <ClInclude Include="Framework\Scene\OptionsScene.h">
      <Filter>Framework\Scene</Filter>
    </ClInclude>
    <ClInclude Include="Framework\Scene\SceneTransition.h">
      <Filter>Framework\Scene</Filter>
    </ClInclude>
    <ClInclude Include="Framework\UI\UIAnimator.h">
      <Filter>Framework\UI</Filter>
    </ClInclude>
    <ClInclude Include="Framework\UI\UISelectionGroup.h">
      <Filter>Framework\UI</Filter>
    </ClInclude>
    <ClInclude Include="Framework\Component\Audio\AudioSourceComponent.h">
      <Filter>Framework\Component\Audio</Filter>
    </ClInclude>
    <ClInclude Include="Framework\Component\Component.h">
      <Filter>Framework\Component</Filter>
    </ClInclude>
    <ClInclude Include="Framework\Component\ComponentFactory.h">
      <Filter>Framework\Component</Filter>
    </ClInclude>
    <ClInclude Include="Framework\Component\TransformComponent.h">
      <Filter>Framework\Component</Filter>
    </ClInclude>
    <ClInclude Include="Framework\Component\Camera\CameraComponent.h">
      <Filter>Framework\Component\Camera</Filter>
    </ClInclude>
    <ClInclude Include="Framework\Component\Camera\CameraShakeComponent.h">
      <Filter>Framework\Component\Camera</Filter>
    </ClInclude>
    <ClInclude Include="Framework\Component\Camera\TargetFollowComponent.h">
      <Filter>Framework\Component\Camera</Filter>
    </ClInclude>
    <ClInclude Include="Framework\Component\Utility\LifetimeComponent.h">
      <Filter>Framework\Component\Utility</Filter>
    </ClInclude>
    <ClInclude Include="Framework\Component\Utility\SplineComponent.h">
      <Filter>Framework\Component\Utility</Filter>
    </ClInclude>
    <ClInclude Include="Framework\Component\Utility\SplineNodeComponent.h">
      <Filter>Framework\Component\Utility</Filter>
    </ClInclude>
    <ClInclude Include="Framework\Component\Collider\AABBColliderComponent.h">
      <Filter>Framework\Component\Collider</Filter>
    </ClInclude>
    <ClInclude Include="Framework\Component\Collider\ColliderComponent.h">
      <Filter>Framework\Component\Collider</Filter>
    </ClInclude>
    <ClInclude Include="Framework\Component\Collider\OBBColliderComponent.h">
      <Filter>ヘッダー ファイル\Framework\Component\Collider</Filter>
    </ClInclude>
    <ClInclude Include="Framework\Component\Collider\SphereColliderComponent.h">
      <Filter>ヘッダー ファイル\Framework\Component\Collider</Filter>
    </ClInclude>
    <ClInclude Include="Framework\Component\Renderer\MeshRendererComponent.h">
      <Filter>Framework\Component\Renderer</Filter>
    </ClInclude>
    <ClInclude Include="Framework\Component\Renderer\ModelBatchRendererComponent.h">
      <Filter>Framework\Component\Renderer</Filter>
    </ClInclude>
    <ClInclude Include="Framework\Component\Effect\ParticleEmitterComponent.h">
      <Filter>Framework\Component\Effect</Filter>
    </ClInclude>
    <ClInclude Include="Framework\Component\Renderer\PrimitiveRendererComponent.h">
      <Filter>Framework\Component\Renderer</Filter>
    </ClInclude>
    <ClInclude Include="Framework\Component\Renderer\Primitive2DRendererComponent.h">
      <Filter>Framework\Component\Renderer</Filter>
    </ClInclude>
    <ClInclude Include="Framework\Component\Renderer\SpriteRendererComponent.h">
      <Filter>Framework\Component\Renderer</Filter>
    </ClInclude>
    <ClInclude Include="Framework\Component\Renderer\TextRendererComponent.h">
      <Filter>Framework\Component\Renderer</Filter>
    </ClInclude>
    <ClInclude Include="Framework\Component\Effect\VoxelParticleComponent.h">
      <Filter>Framework\Component\Effect</Filter>
    </ClInclude>
    <ClInclude Include="Framework\Component\Effect\ScreenEffectComponent.h">
      <Filter>Framework\Component\Effect</Filter>
    </ClInclude>
    <ClInclude Include="Framework\Component\Effect\GlobalPostProcessComponent.h">
      <Filter>Framework\Component\Effect</Filter>
    </ClInclude>
    <ClInclude Include="Framework\Component\Effect\PostProcessSettings.h">
      <Filter>Framework\Component\Effect</Filter>
    </ClInclude>
    <ClInclude Include="Framework\Component\UI\ButtonComponent.h">
      <Filter>Framework\Component\UI</Filter>
    </ClInclude>
    <ClInclude Include="Framework\Component\UI\SliderComponent.h">
      <Filter>Framework\Component\UI</Filter>
    </ClInclude>
    <ClInclude Include="Framework\Component\UI\CanvasComponent.h">
      <Filter>Framework\Component\UI</Filter>
    </ClInclude>
    <ClInclude Include="Renderer\Object\2D\Primitive\Primitive2DObject.h">
      <Filter>Renderer\Object\2D\Primitive</Filter>
    </ClInclude>
    <ClInclude Include="Renderer\Object\2D\PrimitiveBatch\Primitive2DBatch.h">
      <Filter>Renderer\Object\2D\PrimitiveBatch</Filter>
    </ClInclude>
    <ClInclude Include="Core\Type\Primitive2DType.h">
      <Filter>Core\Type</Filter>
    </ClInclude>
    <ClInclude Include="Renderer\Object\2D\SpriteBatch\SpriteBatch.h">
      <Filter>Renderer\Object\2D\SpriteBatch</Filter>
    </ClInclude>
    <ClInclude Include="Renderer\Object\2D\Sprite\Sprite.h">
      <Filter>Renderer\Object\2D\Sprite</Filter>
    </ClInclude>
    <ClInclude Include="Renderer\Object\2D\Text\Text.h">
      <Filter>Renderer\Object\2D\Text</Filter>
    </ClInclude>
    <ClInclude Include="Renderer\Object\3D\AnimationModel\AnimatedMeshObject.h">
      <Filter>Renderer\Object\3D\AnimationModel</Filter>
    </ClInclude>
    <ClInclude Include="Resource\Model\Animator.h">
      <Filter>Resource\Model</Filter>
    </ClInclude>
    <ClInclude Include="Framework\Component\Logic\AnimatorComponent.h">
      <Filter>Framework\Component\Logic</Filter>
    </ClInclude>
    <ClInclude Include="Framework\Component\Logic\SpawnPointComponent.h">
      <Filter>Framework\Component\Logic</Filter>
    </ClInclude>
    <ClInclude Include="Framework\Component\Logic\BoneAttachmentComponent.h">
      <Filter>Framework\Component\Logic</Filter>
    </ClInclude>
    <ClInclude Include="Framework\Component\Renderer\SkinnedMeshRendererComponent.h">
      <Filter>Framework\Component\Renderer</Filter>
    </ClInclude>
    <ClInclude Include="Framework\Component\Renderer\SkeletonDebugRendererComponent.h">
      <Filter>Framework\Component\Renderer</Filter>
    </ClInclude>
    <ClInclude Include="Renderer\Object\3D\Primitive\Primitive3DObject.h">
      <Filter>Renderer\Object\3D\Primitive</Filter>
    </ClInclude>
    <ClInclude Include="Renderer\Object\3D\StaticModelObject\StaticModelObject.h">
      <Filter>Renderer\Object\3D\StaticModelObject</Filter>
    </ClInclude>
    <ClInclude Include="Renderer\Object\Effect\Effect.h">
      <Filter>Renderer\Object\Effect</Filter>
    </ClInclude>
    <ClInclude Include="Renderer\Object\Line\LineClass.h">
      <Filter>Renderer\Object\Line</Filter>
    </ClInclude>
    <ClInclude Include="Renderer\Object\Line\Data\LineVertexData.h">
      <Filter>Renderer\Object\Line\Data</Filter>
    </ClInclude>
    <ClInclude Include="Renderer\Object\Particle\ParticleObject.h">
      <Filter>Renderer\Object\Particle</Filter>
    </ClInclude>
    <ClInclude Include="Renderer\Object\Batch\DebugPrimitiveRenderer.h">
      <Filter>Renderer\Object\Batch</Filter>
    </ClInclude>
    <ClInclude Include="Renderer\Object\Batch\ModelBatch.h">
      <Filter>Renderer\Object\Batch</Filter>
    </ClInclude>
    <ClInclude Include="Renderer\Object\Batch\PrimitiveBatch.h">
      <Filter>Renderer\Object\Batch</Filter>
    </ClInclude>
    <ClInclude Include="Renderer\Object\Skybox\Skybox.h">
      <Filter>Renderer\Object\Skybox</Filter>
    </ClInclude>
    <ClInclude Include="Renderer\System\Core\BaseModel.h">
      <Filter>Renderer\System\Core</Filter>
    </ClInclude>
    <ClInclude Include="Renderer\System\Core\BaseBatch.h">
      <Filter>Renderer\System\Core</Filter>
    </ClInclude>
    <ClInclude Include="Renderer\System\Core\BaseResource.h">
      <Filter>Renderer\System\Core</Filter>
    </ClInclude>
    <ClInclude Include="Renderer\System\Core\IRenderable.h">
      <Filter>Renderer\System\Core</Filter>
    </ClInclude>
    <ClInclude Include="Renderer\System\Core\LineResource.h">
      <Filter>Renderer\System\Core</Filter>
    </ClInclude>
    <ClInclude Include="Renderer\System\Core\MultiBufferSyncState.h">
      <Filter>Renderer\System\Core</Filter>
    </ClInclude>
    <ClInclude Include="Renderer\System\Core\Object2DResource.h">
      <Filter>Renderer\System\Core</Filter>
    </ClInclude>
    <ClInclude Include="Renderer\System\Core\Object3DResource.h">
      <Filter>Renderer\System\Core</Filter>
    </ClInclude>
    <ClInclude Include="Renderer\System\Data\RenderData.h">
      <Filter>Renderer\System\Data</Filter>
    </ClInclude>
    <ClInclude Include="Renderer\System\ParticleGPU\GPUParticleManager.h">
      <Filter>Renderer\System\ParticleGPU</Filter>
    </ClInclude>
    <ClInclude Include="Renderer\System\ParticleGPU\GPUParticleSystem.h">
      <Filter>Renderer\System\ParticleGPU</Filter>
    </ClInclude>
    <ClInclude Include="Renderer\System\VoxelParticle\VoxelParticleManager.h">
      <Filter>Renderer\System\VoxelParticle</Filter>
    </ClInclude>
    <ClInclude Include="Renderer\System\VoxelParticle\VoxelParticleSystem.h">
      <Filter>Renderer\System\VoxelParticle</Filter>
    </ClInclude>
    <ClInclude Include="Audio\AudioManager.h">
      <Filter>Audio</Filter>
    </ClInclude>
    <ClInclude Include="Audio\AudioPlayer.h">
      <Filter>Audio</Filter>
    </ClInclude>
    <ClInclude Include="Audio\AudioType.h">
      <Filter>Audio</Filter>
    </ClInclude>
    <ClInclude Include="Audio\Sound.h">
      <Filter>Audio</Filter>
    </ClInclude>
    <ClInclude Include="Audio\VoiceCallback.h">
      <Filter>Audio</Filter>
    </ClInclude>
    <ClInclude Include="Audio\VoiceInstance.h">
      <Filter>Audio</Filter>
    </ClInclude>
    <ClInclude Include="Resource\Audio\Data\ChunkHeader.h">
      <Filter>Resource\Audio\Data</Filter>
    </ClInclude>
    <ClInclude Include="Resource\Audio\Data\FormatChunk.h">
      <Filter>Resource\Audio\Data</Filter>
    </ClInclude>
    <ClInclude Include="Resource\Audio\Data\RiffHeader.h">
      <Filter>Resource\Audio\Data</Filter>
    </ClInclude>
    <ClInclude Include="Resource\Audio\Data\SoundData.h">
      <Filter>Resource\Audio\Data</Filter>
    </ClInclude>
    <ClInclude Include="Resource\Model\AnimationManager.h">
      <Filter>Resource\Model</Filter>
    </ClInclude>
    <ClInclude Include="Resource\Model\ModelManager.h">
      <Filter>Resource\Model</Filter>
    </ClInclude>
    <ClInclude Include="Resource\Model\ModelImporter.h">
      <Filter>Resource\Model</Filter>
    </ClInclude>
    <ClInclude Include="Resource\Model\ModelSerializer.h">
      <Filter>Resource\Model</Filter>
    </ClInclude>
    <ClInclude Include="Resource\Model\AnimationImporter.h">
      <Filter>Resource\Model</Filter>
    </ClInclude>
    <ClInclude Include="Resource\Model\AnimationSerializer.h">
      <Filter>Resource\Model</Filter>
    </ClInclude>
    <ClInclude Include="Resource\Model\Data\Animation.h">
      <Filter>Resource\Model\Data</Filter>
    </ClInclude>
    <ClInclude Include="Resource\Model\Data\AnimationTransform.h">
      <Filter>Resource\Model\Data</Filter>
    </ClInclude>
    <ClInclude Include="Resource\Model\Data\Joint.h">
      <Filter>Resource\Model\Data</Filter>
    </ClInclude>
    <ClInclude Include="Resource\Model\Data\JointWeightData.h">
      <Filter>Resource\Model\Data</Filter>
    </ClInclude>
    <ClInclude Include="Resource\Model\Data\Keyframe.h">
      <Filter>Resource\Model\Data</Filter>
    </ClInclude>
    <ClInclude Include="Resource\Model\Data\MaterialData.h">
      <Filter>Resource\Model\Data</Filter>
    </ClInclude>
    <ClInclude Include="Resource\Model\Data\Node.h">
      <Filter>Resource\Model\Data</Filter>
    </ClInclude>
    <ClInclude Include="Resource\Model\Data\NodeAnimation.h">
      <Filter>Resource\Model\Data</Filter>
    </ClInclude>
    <ClInclude Include="Resource\Model\Data\ObjModel.h">
      <Filter>Resource\Model\Data</Filter>
    </ClInclude>
    <ClInclude Include="Resource\Model\Data\SkeletonData.h">
      <Filter>Resource\Model\Data</Filter>
    </ClInclude>
    <ClInclude Include="Resource\Model\Data\SkeletonPose.h">
      <Filter>Resource\Model\Data</Filter>
    </ClInclude>
    <ClInclude Include="Resource\Model\Data\SkinCluster.h">
      <Filter>Resource\Model\Data</Filter>
    </ClInclude>
    <ClInclude Include="Resource\Model\Data\VertexInfluence.h">
      <Filter>Resource\Model\Data</Filter>
    </ClInclude>
    <ClInclude Include="Resource\Model\Data\VertexWeightData.h">
      <Filter>Resource\Model\Data</Filter>
    </ClInclude>
    <ClInclude Include="Resource\Model\Data\VoxelizedModel.h">
      <Filter>Resource\Model\Data</Filter>
    </ClInclude>
    <ClInclude Include="Resource\Model\Data\WellForGPU.h">
      <Filter>Resource\Model\Data</Filter>
    </ClInclude>
    <ClInclude Include="Resource\Texture\Texture.h">
      <Filter>Resource\Texture</Filter>
    </ClInclude>
    <ClInclude Include="Resource\Texture\TextureManager.h">
      <Filter>Resource\Texture</Filter>
    </ClInclude>
    <ClInclude Include="Resource\Texture\TextureUtility.h">
      <Filter>Resource\Texture</Filter>
    </ClInclude>
    <ClInclude Include="..\externals\msdfgen\msdfgen-ext.h">
      <Filter>externals\msdfgen</Filter>
    </ClInclude>
    <ClInclude Include="..\externals\msdfgen\msdfgen.h">
      <Filter>externals\msdfgen</Filter>
    </ClInclude>
    <ClInclude Include="..\externals\msdfgen\resource.h">
      <Filter>externals\msdfgen</Filter>
    </ClInclude>
    <ClInclude Include="..\externals\msdfgen\core\base.h">
      <Filter>externals\msdfgen\core</Filter>
    </ClInclude>
    <ClInclude Include="..\externals\msdfgen\core\Bitmap.h">
      <Filter>externals\msdfgen\core</Filter>
    </ClInclude>
    <ClInclude Include="..\externals\msdfgen\core\contour-combiners.h">
      <Filter>externals\msdfgen\core</Filter>
    </ClInclude>
    <ClInclude Include="..\externals\msdfgen\core\Contour.h">
      <Filter>externals\msdfgen\core</Filter>
    </ClInclude>
    <ClInclude Include="..\externals\msdfgen\core\convergent-curve-ordering.h">
      <Filter>externals\msdfgen\core</Filter>
    </ClInclude>
    <ClInclude Include="..\externals\msdfgen\core\DistanceMapping.h">
      <Filter>externals\msdfgen\core</Filter>
    </ClInclude>
    <ClInclude Include="..\externals\msdfgen\core\edge-coloring.h">
      <Filter>externals\msdfgen\core</Filter>
    </ClInclude>
    <ClInclude Include="..\externals\msdfgen\core\edge-segments.h">
      <Filter>externals\msdfgen\core</Filter>
    </ClInclude>
    <ClInclude Include="..\externals\msdfgen\core\edge-selectors.h">
      <Filter>externals\msdfgen\core</Filter>
    </ClInclude>
    <ClInclude Include="..\externals\msdfgen\core\EdgeColor.h">
      <Filter>externals\msdfgen\core</Filter>
    </ClInclude>
    <ClInclude Include="..\externals\msdfgen\core\EdgeHolder.h">
      <Filter>externals\msdfgen\core</Filter>
    </ClInclude>
    <ClInclude Include="..\externals\msdfgen\core\equation-solver.h">
      <Filter>externals\msdfgen\core</Filter>
    </ClInclude>
    <ClInclude Include="..\externals\msdfgen\core\export-svg.h">
      <Filter>externals\msdfgen\core</Filter>
    </ClInclude>
    <ClInclude Include="..\externals\msdfgen\core\generator-config.h">
      <Filter>externals\msdfgen\core</Filter>
    </ClInclude>
    <ClInclude Include="..\externals\msdfgen\core\msdf-error-correction.h">
      <Filter>externals\msdfgen\core</Filter>
    </ClInclude>
    <ClInclude Include="..\externals\msdfgen\core\MSDFErrorCorrection.h">
      <Filter>externals\msdfgen\core</Filter>
    </ClInclude>
    <ClInclude Include="..\externals\msdfgen\core\Projection.h">
      <Filter>externals\msdfgen\core</Filter>
    </ClInclude>
    <ClInclude Include="..\externals\msdfgen\core\rasterization.h">
      <Filter>externals\msdfgen\core</Filter>
    </ClInclude>
    <ClInclude Include="..\externals\msdfgen\core\render-sdf.h">
      <Filter>externals\msdfgen\core</Filter>
    </ClInclude>
    <ClInclude Include="..\externals\msdfgen\core\save-bmp.h">
      <Filter>externals\msdfgen\core</Filter>
    </ClInclude>
    <ClInclude Include="..\externals\msdfgen\core\save-fl32.h">
      <Filter>externals\msdfgen\core</Filter>
    </ClInclude>
    <ClInclude Include="..\externals\msdfgen\core\save-rgba.h">
      <Filter>externals\msdfgen\core</Filter>
    </ClInclude>
    <ClInclude Include="..\externals\msdfgen\core\save-tiff.h">
      <Filter>externals\msdfgen\core</Filter>
    </ClInclude>
    <ClInclude Include="..\externals\msdfgen\core\Scanline.h">
      <Filter>externals\msdfgen\core</Filter>
    </ClInclude>
    <ClInclude Include="..\externals\msdfgen\core\sdf-error-estimation.h">
      <Filter>externals\msdfgen\core</Filter>
    </ClInclude>
    <ClInclude Include="..\externals\msdfgen\core\SDFTransformation.h">
      <Filter>externals\msdfgen\core</Filter>
    </ClInclude>
    <ClInclude Include="..\externals\msdfgen\core\shape-description.h">
      <Filter>externals\msdfgen\core</Filter>
    </ClInclude>
    <ClInclude Include="..\externals\msdfgen\core\Shape.h">
      <Filter>externals\msdfgen\core</Filter>
    </ClInclude>
    <ClInclude Include="..\externals\msdfgen\core\ShapeDistanceFinder.h">
      <Filter>externals\msdfgen\core</Filter>
    </ClInclude>
    <ClInclude Include="..\externals\msdfgen\core\YAxisOrientation.h">
      <Filter>externals\msdfgen\core</Filter>
    </ClInclude>
    <ClInclude Include="..\externals\msdfgen\ext\import-font.h">
      <Filter>externals\msdfgen\ext</Filter>
    </ClInclude>
    <ClInclude Include="..\externals\msdfgen\ext\import-svg.h">
      <Filter>externals\msdfgen\ext</Filter>
    </ClInclude>
    <ClInclude Include="..\externals\msdfgen\ext\resolve-shape-geometry.h">
      <Filter>externals\msdfgen\ext</Filter>
    </ClInclude>
    <ClInclude Include="..\externals\msdfgen\ext\save-png.h">
      <Filter>externals\msdfgen\ext</Filter>
    </ClInclude>
    <ClInclude Include="Framework\Component\VirtualEntity\VirtualEntityManagerComponent.h">
      <Filter>Framework\Component\VirtualEntity</Filter>
    </ClInclude>
  </ItemGroup>
</Project>
