<?xml version="1.0" encoding="utf-8"?>
<Project ToolsVersion="4.0" xmlns="http://schemas.microsoft.com/developer/msbuild/2003">
  <ItemGroup>
    <Filter Include="Framework">
      <UniqueIdentifier>{a98d3cb5-6537-42db-bf19-3b2af2d0c21a}</UniqueIdentifier>
    </Filter>
    <Filter Include="Renderer">
      <UniqueIdentifier>{49562265-8288-4286-9d7a-998da039a121}</UniqueIdentifier>
    </Filter>
    <Filter Include="Renderer\3D">
      <UniqueIdentifier>{1c90d707-2613-47d1-bd66-a7303fa8f90f}</UniqueIdentifier>
    </Filter>
    <Filter Include="Renderer\Object3D">
      <UniqueIdentifier>{09239bed-694d-46fc-b05b-5ed78b10d76e}</UniqueIdentifier>
    </Filter>
    <Filter Include="Renderer\Particle">
      <UniqueIdentifier>{77173c74-5160-418c-ad0d-6b8180ade2e7}</UniqueIdentifier>
    </Filter>
    <Filter Include="Renderer\Region">
      <UniqueIdentifier>{9ab83aa2-3655-40ac-a5b4-0cc535a3d404}</UniqueIdentifier>
    </Filter>
    <Filter Include="Renderer\Object2D">
      <UniqueIdentifier>{d88700ad-3b0b-4754-827a-565d70e6c456}</UniqueIdentifier>
    </Filter>
    <Filter Include="Renderer\LineInstanced">
      <UniqueIdentifier>{78ee9df5-4278-4da8-ab04-f45e9c350115}</UniqueIdentifier>
    </Filter>
    <Filter Include="Renderer\Skybox">
      <UniqueIdentifier>{df9cbe3c-3b86-4a15-8de1-fef19d477197}</UniqueIdentifier>
    </Filter>
    <Filter Include="Renderer\ParticleGPU">
      <UniqueIdentifier>{b1277eb3-c5e5-4d7b-829d-dce3b590ae4f}</UniqueIdentifier>
    </Filter>
    <Filter Include="Engine">
      <UniqueIdentifier>{86a005a2-cafd-480c-97fb-292b1c242f12}</UniqueIdentifier>
    </Filter>
    <Filter Include="Engine\DebugUI">
      <UniqueIdentifier>{efd67c09-a1d5-4279-9f78-b5610d42879e}</UniqueIdentifier>
    </Filter>
    <Filter Include="Engine\Input">
      <UniqueIdentifier>{95621e64-dbc5-4cf8-b02e-7026fe8561c9}</UniqueIdentifier>
    </Filter>
    <Filter Include="Engine\Graphics">
      <UniqueIdentifier>{6753d6a5-9b77-48cb-ae9e-f7628609c4db}</UniqueIdentifier>
    </Filter>
    <Filter Include="Engine\Graphics\Shaders">
      <UniqueIdentifier>{1097d707-2383-4ee7-97c5-144b2eb06880}</UniqueIdentifier>
    </Filter>
    <Filter Include="Engine\Graphics\DirectX">
      <UniqueIdentifier>{54bcced9-2d7c-4289-8157-43a4c1b609f9}</UniqueIdentifier>
    </Filter>
    <Filter Include="Engine\Graphics\Pipeline">
      <UniqueIdentifier>{452da872-ad2a-4d69-8678-683d9a898748}</UniqueIdentifier>
    </Filter>
    <Filter Include="Engine\Core">
      <UniqueIdentifier>{744ea0f6-49f1-4635-93e4-d781f01bce85}</UniqueIdentifier>
    </Filter>
    <Filter Include="Engine\Core\Math">
      <UniqueIdentifier>{cb77ae9a-9e74-4117-9293-b3916f5463dc}</UniqueIdentifier>
    </Filter>
    <Filter Include="Engine\Manager">
      <UniqueIdentifier>{a9d3d353-c04a-423f-88de-abe14802e99a}</UniqueIdentifier>
    </Filter>
    <Filter Include="Engine\Core\Shape">
      <UniqueIdentifier>{a65e10a9-9ebe-4251-aa37-83fe390eb2b1}</UniqueIdentifier>
    </Filter>
    <Filter Include="Resource">
      <UniqueIdentifier>{7be041ec-a7ec-468d-800a-11d0746970fd}</UniqueIdentifier>
    </Filter>
    <Filter Include="Resource\Model">
      <UniqueIdentifier>{32589d2a-708a-447e-83f7-6dff63fe7806}</UniqueIdentifier>
    </Filter>
    <Filter Include="Resource\Texture">
      <UniqueIdentifier>{fcd3b9d7-f04c-475a-bb9b-fcbc224eac97}</UniqueIdentifier>
    </Filter>
    <Filter Include="Resource\Audio">
      <UniqueIdentifier>{93a356b9-f23a-4034-ab06-edadb43a2423}</UniqueIdentifier>
    </Filter>
    <Filter Include="Engine\Core\Type">
      <UniqueIdentifier>{c1e9a2e5-7fb6-456d-9502-9414320581cf}</UniqueIdentifier>
    </Filter>
    <Filter Include="Engine\Core\Utility">
      <UniqueIdentifier>{1058f24b-5918-48ec-b925-b833b458c3df}</UniqueIdentifier>
    </Filter>
    <Filter Include="Renderer\Object3D\Data">
      <UniqueIdentifier>{11d5d49f-adef-4fc0-bc20-431a5ddd0a60}</UniqueIdentifier>
    </Filter>
    <Filter Include="Renderer\Particle\Data">
      <UniqueIdentifier>{f57a8f27-ccc3-402d-8371-8440dfe6e260}</UniqueIdentifier>
    </Filter>
    <Filter Include="Renderer\LineInstanced\Data">
      <UniqueIdentifier>{7cfe8928-a4aa-4815-9d88-26b8714dd33e}</UniqueIdentifier>
    </Filter>
    <Filter Include="Engine\Graphics\Data">
      <UniqueIdentifier>{71483dd2-cfba-42f1-86b2-4e9848008920}</UniqueIdentifier>
    </Filter>
    <Filter Include="Resource\Audio\Core">
      <UniqueIdentifier>{7915d090-00d6-434b-960c-7af707e032c4}</UniqueIdentifier>
    </Filter>
    <Filter Include="Engine\Core\Math\Geometry">
      <UniqueIdentifier>{f7877495-22fa-4864-ae42-282ecc2d17b5}</UniqueIdentifier>
    </Filter>
    <Filter Include="Engine\Core\Math\Random">
      <UniqueIdentifier>{754b9bb2-4cd2-4b32-a905-79b846e5f5c0}</UniqueIdentifier>
    </Filter>
    <Filter Include="Resource\Model\Data">
      <UniqueIdentifier>{eb78067e-7e24-4c86-933b-6580deabafe1}</UniqueIdentifier>
    </Filter>
    <Filter Include="Renderer\System">
      <UniqueIdentifier>{3b999372-f194-436f-bd5e-3ae660f6371d}</UniqueIdentifier>
    </Filter>
    <Filter Include="Engine\Graphics\Data\Light">
      <UniqueIdentifier>{ac7dd633-a770-475b-9e3f-749598582d26}</UniqueIdentifier>
    </Filter>
    <Filter Include="Engine\Platform">
      <UniqueIdentifier>{f8886dba-4766-4105-8b3b-c7edb3f081d3}</UniqueIdentifier>
    </Filter>
    <Filter Include="Engine\Platform\WinApp">
      <UniqueIdentifier>{b2ee8d91-6e9d-4fe1-ac98-96b44fa3a1d2}</UniqueIdentifier>
    </Filter>
    <Filter Include="Framework\Scene">
      <UniqueIdentifier>{893fd543-4896-4611-99d6-e1898aade7b1}</UniqueIdentifier>
    </Filter>
    <Filter Include="Renderer\ParticleGPU\Shaders">
      <UniqueIdentifier>{839be5d9-ec75-492a-8be8-ca670744463e}</UniqueIdentifier>
    </Filter>
    <Filter Include="Renderer\Object3D\Primitive">
      <UniqueIdentifier>{14124d30-5130-4e31-a364-7efff267a78d}</UniqueIdentifier>
    </Filter>
    <Filter Include="Renderer\Object3D\AnimationModel">
      <UniqueIdentifier>{dadabbef-8d55-43cb-9c29-1af1e6ea2fa6}</UniqueIdentifier>
    </Filter>
    <Filter Include="Engine\Compute">
      <UniqueIdentifier>{1542982a-dc2c-4782-a8b3-e712e003e678}</UniqueIdentifier>
    </Filter>
    <Filter Include="Renderer\Object3D\ObjClass">
      <UniqueIdentifier>{679e9638-af18-4026-8501-9e4d5620bba7}</UniqueIdentifier>
    </Filter>
    <Filter Include="Renderer\VoxelParticle">
      <UniqueIdentifier>{46c98e66-7664-4ee7-8848-05ded49a5872}</UniqueIdentifier>
    </Filter>
    <Filter Include="Engine\Graphics\Shaders\Basic">
      <UniqueIdentifier>{70e3de15-f76d-4b96-9a14-59ccc3b0034f}</UniqueIdentifier>
    </Filter>
    <Filter Include="Engine\Graphics\Shaders\PostProcess">
      <UniqueIdentifier>{0402a0e3-ea3b-40d3-a3a4-6b845bfe7408}</UniqueIdentifier>
    </Filter>
    <Filter Include="Engine\Graphics\PostProcess">
      <UniqueIdentifier>{6e5fa4e7-3649-4bac-b2b5-7ad5a55fa73e}</UniqueIdentifier>
    </Filter>
    <Filter Include="Engine\Core\System">
      <UniqueIdentifier>{6d9e3a1d-37be-492e-af07-22944ff2e1a5}</UniqueIdentifier>
    </Filter>
    <Filter Include="Renderer\Object3D\Effect">
      <UniqueIdentifier>{f4fb1d23-3e0c-46b4-9cde-75cceb18a342}</UniqueIdentifier>
    </Filter>
    <Filter Include="Renderer\Effect">
      <UniqueIdentifier>{12345678-abcd-1234-abcd-1234567890ab}</UniqueIdentifier>
    </Filter>
    <Filter Include="Renderer\Core">
      <UniqueIdentifier>{22a83614-e6a1-4622-9ef5-9ba30bae461b}</UniqueIdentifier>
    </Filter>
  </ItemGroup>
  <ItemGroup>
    <ClCompile Include="Engine\Manager\DrawManager.cpp">
      <Filter>Engine\Manager</Filter>
    </ClCompile>
    <ClCompile Include="Resource\Audio\Bgm.cpp">
      <Filter>Resource\Audio</Filter>
    </ClCompile>
    <ClCompile Include="Framework\SceneManager.cpp">
      <Filter>Framework\Scene</Filter>
    </ClCompile>
    <ClCompile Include="Framework\LoadingScreen.cpp">
      <Filter>Framework\Scene</Filter>
    </ClCompile>
    <ClCompile Include="Engine\IrufemiEngine.cpp">
      <Filter>Engine</Filter>
    </ClCompile>
    <ClCompile Include="Engine\Platform\Input\GamePad.cpp">
      <Filter>Engine\Input</Filter>
    </ClCompile>
    <ClCompile Include="Engine\Platform\Input\Keyboard.cpp">
      <Filter>Engine\Input</Filter>
    </ClCompile>
    <ClCompile Include="Framework\IScene.cpp">
      <Filter>Framework\Scene</Filter>
    </ClCompile>
    <ClCompile Include="Engine\Platform\Input\InputManager.cpp">
      <Filter>Engine\Input</Filter>
    </ClCompile>
    <ClCompile Include="Engine\Platform\WindowsAPI\WinApp.cpp">
      <Filter>Engine\Platform\WinApp</Filter>
    </ClCompile>
    <ClCompile Include="Renderer\Region\Primitive\TetraRegion.cpp">
      <Filter>Renderer\Region</Filter>
    </ClCompile>
    <ClCompile Include="Renderer\Region\Region.cpp">
      <Filter>Renderer\Region</Filter>
    </ClCompile>
    <ClCompile Include="Renderer\Region\Primitive\SphereRegion.cpp">
      <Filter>Renderer\Region</Filter>
    </ClCompile>
    <ClCompile Include="Resource\Audio\Se.cpp">
      <Filter>Resource\Audio</Filter>
    </ClCompile>
    <ClCompile Include="Engine\Platform\Input\Mouse.cpp">
      <Filter>Engine\Input</Filter>
    </ClCompile>
    <ClCompile Include="Engine\Manager\DebugUI.cpp">
      <Filter>Engine\DebugUI</Filter>
    </ClCompile>
    <ClCompile Include="Resource\Texture\TextureManager.cpp">
      <Filter>Resource\Texture</Filter>
    </ClCompile>
    <ClCompile Include="Resource\Texture\TextureUtility.cpp">
      <Filter>Resource\Texture</Filter>
    </ClCompile>
    <ClCompile Include="Resource\Texture\Texture.cpp">
      <Filter>Resource\Texture</Filter>
    </ClCompile>
    <ClCompile Include="Engine\Manager\PrimitiveManager.cpp">
      <Filter>Engine\Manager</Filter>
    </ClCompile>
    <ClCompile Include="Renderer\Particle\IParticleBehavior.cpp">
      <Filter>Renderer\Particle</Filter>
    </ClCompile>
    <ClCompile Include="Renderer\Particle\ParticleSystem.cpp">
      <Filter>Renderer\Particle</Filter>
    </ClCompile>
    <ClCompile Include="Renderer\Object2D\Primitive\Circle2D.cpp">
      <Filter>Renderer\Object2D</Filter>
    </ClCompile>
    <ClCompile Include="Renderer\Object2D\Sprite\Sprite.cpp">
      <Filter>Renderer\Object2D</Filter>
    </ClCompile>
    <ClCompile Include="Renderer\LineInstanced\LineClass.cpp">
      <Filter>Renderer\LineInstanced</Filter>
    </ClCompile>
    <ClCompile Include="Renderer\Skybox\Skybox.cpp">
      <Filter>Renderer\Skybox</Filter>
    </ClCompile>
    <ClCompile Include="Renderer\ParticleGPU\GPUParticleSystem.cpp">
      <Filter>Renderer\ParticleGPU</Filter>
    </ClCompile>
    <ClCompile Include="Renderer\Effect\Effect.cpp">
      <Filter>Renderer\Effect</Filter>
    </ClCompile>
    <ClCompile Include="Resource\Audio\AudioManager.cpp">
      <Filter>Resource\Audio</Filter>
    </ClCompile>
    <ClCompile Include="Resource\Audio\Sound.cpp">
      <Filter>Resource\Audio</Filter>
    </ClCompile>
    <ClCompile Include="Resource\Model\AnimationManager.cpp">
      <Filter>Resource\Model</Filter>
    </ClCompile>
    <ClCompile Include="Resource\Model\ModelManager.cpp">
      <Filter>Resource\Model</Filter>
    </ClCompile>
    <ClCompile Include="Engine\Core\Math\Matrix4x4.cpp">
      <Filter>Engine\Core\Math</Filter>
    </ClCompile>
    <ClCompile Include="Engine\Core\Math\Quaternion.cpp">
      <Filter>Engine\Core\Math</Filter>
    </ClCompile>
    <ClCompile Include="Engine\Core\Math\Vector4.cpp">
      <Filter>Engine\Core\Math</Filter>
    </ClCompile>
    <ClCompile Include="Engine\Core\Math\Vector3.cpp">
      <Filter>Engine\Core\Math</Filter>
    </ClCompile>
    <ClCompile Include="Engine\Core\Math\Vector2.cpp">
      <Filter>Engine\Core\Math</Filter>
    </ClCompile>
    <ClCompile Include="Engine\Graphics\Pipeline\PSOManager.cpp">
      <Filter>Engine\Graphics\Pipeline</Filter>
    </ClCompile>
    <ClCompile Include="Engine\Graphics\DirectX\DescriptorAllocator.cpp">
      <Filter>Engine\Graphics\DirectX</Filter>
    </ClCompile>
    <ClCompile Include="Engine\Graphics\DirectX\DescriptorPool.cpp">
      <Filter>Engine\Graphics\DirectX</Filter>
    </ClCompile>
    <ClCompile Include="Engine\Graphics\DirectX\DirectXCommon.cpp">
      <Filter>Engine\Graphics\DirectX</Filter>
    </ClCompile>
    <ClCompile Include="Engine\Graphics\DirectX\RenderTexture.cpp">
      <Filter>Engine\Graphics\DirectX</Filter>
    </ClCompile>
    <ClCompile Include="Engine\Core\Utility\StringUtility.cpp">
      <Filter>Engine\Core\Utility</Filter>
    </ClCompile>
    <ClCompile Include="Renderer\Particle\Data\Particle.cpp">
      <Filter>Renderer\Particle\Data</Filter>
    </ClCompile>
    <ClCompile Include="Engine\Core\Math\Geometry\Collision.cpp">
      <Filter>Engine\Core\Math\Geometry</Filter>
    </ClCompile>
    <ClCompile Include="Engine\Core\Math\MathFunction.cpp">
      <Filter>Engine\Core\Math</Filter>
    </ClCompile>
    <ClCompile Include="Engine\Core\Utility\Ease.cpp">
      <Filter>Engine\Core\Math\Geometry</Filter>
    </ClCompile>
    <ClCompile Include="Engine\Core\Math\Random\Random.cpp">
      <Filter>Engine\Core\Math\Random</Filter>
    </ClCompile>
    <ClCompile Include="Engine\Core\Utility\Log.cpp">
      <Filter>Engine\Core\Utility</Filter>
    </ClCompile>
    <ClCompile Include="Renderer\Object3D\Primitive\TriangleClass.cpp">
      <Filter>Renderer\3D</Filter>
    </ClCompile>
    <ClCompile Include="Renderer\Object3D\Primitive\CubeClass.cpp">
      <Filter>Renderer\Object3D\Primitive</Filter>
    </ClCompile>
    <ClCompile Include="Renderer\Object3D\Primitive\CylinderClass.cpp">
      <Filter>Renderer\Object3D\Primitive</Filter>
    </ClCompile>
    <ClCompile Include="Renderer\Object3D\Primitive\PlaneClass.cpp">
      <Filter>Renderer\Object3D\Primitive</Filter>
    </ClCompile>
    <ClCompile Include="Renderer\Object3D\Primitive\SphereClass.cpp">
      <Filter>Renderer\Object3D\Primitive</Filter>
    </ClCompile>
    <ClCompile Include="Renderer\Object3D\AnimationModel\AnimationModel.cpp">
      <Filter>Renderer\Object3D\AnimationModel</Filter>
    </ClCompile>
    <ClCompile Include="Renderer\Object3D\ObjClass\ObjClass.cpp">
      <Filter>Renderer\Object3D\ObjClass</Filter>
    </ClCompile>
    <ClCompile Include="Renderer\VoxelParticle\VoxelParticleSystem.cpp">
      <Filter>Renderer\VoxelParticle</Filter>
    </ClCompile>
    <ClCompile Include="Engine\Graphics\PostProcess\PostProcessManager.cpp">
      <Filter>Engine\Graphics\PostProcess</Filter>
    </ClCompile>
    <ClCompile Include="Renderer\Object2D\Object2DResource.cpp" />
    <ClCompile Include="Renderer\Object3D\Object3DResource.cpp" />
    <ClCompile Include="Renderer\Particle\ParticleResource.cpp" />
    <ClCompile Include="Renderer\LineInstanced\LineResource.cpp" />
    <ClCompile Include="Engine\Graphics\DirectX\ShaderCompiler.cpp">
      <Filter>Engine\Graphics\DirectX</Filter>
    </ClCompile>
    <ClCompile Include="Engine\Graphics\DirectX\FrameRateController.cpp">
      <Filter>Engine\Graphics\DirectX</Filter>
    </ClCompile>
    <ClCompile Include="Renderer\Object3D\Primitive\PrimitiveObjects3DClass.cpp">
      <Filter>Renderer\Object3D\Primitive</Filter>
    </ClCompile>
    <ClCompile Include="Engine\Graphics\DirectX\ShadowMap.cpp">
      <Filter>Engine\Graphics\DirectX</Filter>
    </ClCompile>
    <ClCompile Include="Framework\SceneTransition.cpp">
      <Filter>Framework</Filter>
    </ClCompile>
    <ClCompile Include="Engine\Core\Math\NumericalSequence.cpp">
      <Filter>Engine\Core\Math</Filter>
    </ClCompile>
    <ClCompile Include="Renderer\Object3D\Effect\PrimitiveEffect.cpp">
      <Filter>Renderer\Object3D\Effect</Filter>
    </ClCompile>
    <ClCompile Include="Renderer\Core\BaseResource.cpp">
      <Filter>Renderer\Core</Filter>
    </ClCompile>
  </ItemGroup>
  <ItemGroup>
    <ClInclude Include="Engine\Manager\DrawManager.h">
      <Filter>Engine\Manager</Filter>
    </ClInclude>
    <ClInclude Include="Framework\IScene.h">
      <Filter>Framework\Scene</Filter>
    </ClInclude>
    <ClInclude Include="Resource\Audio\Bgm.h">
      <Filter>Resource\Audio</Filter>
    </ClInclude>
    <ClInclude Include="Framework\SceneManager.h">
      <Filter>Framework\Scene</Filter>
    </ClInclude>
    <ClInclude Include="Framework\LoadingScreen.h">
      <Filter>Framework\Scene</Filter>
    </ClInclude>
    <ClInclude Include="Engine\IrufemiEngine.h">
      <Filter>Engine</Filter>
    </ClInclude>
    <ClInclude Include="Engine\Platform\Input\Keyboard.h">
      <Filter>Engine\Input</Filter>
    </ClInclude>
    <ClInclude Include="Engine\Platform\Input\GamePad.h">
      <Filter>Engine\Input</Filter>
    </ClInclude>
    <ClInclude Include="Engine\Platform\Input\InputManager.h">
      <Filter>Engine\Input</Filter>
    </ClInclude>
    <ClInclude Include="Engine\Platform\WindowsAPI\WinApp.h">
      <Filter>Engine\Platform\WinApp</Filter>
    </ClInclude>
    <ClInclude Include="Renderer\Region\Primitive\TetraRegion.h">
      <Filter>Renderer\Region</Filter>
    </ClInclude>
    <ClInclude Include="Renderer\Region\Region.h">
      <Filter>Renderer\Region</Filter>
    </ClInclude>
    <ClInclude Include="Renderer\Region\Primitive\SphereRegion.h">
      <Filter>Renderer\Region</Filter>
    </ClInclude>
    <ClInclude Include="Resource\Audio\Se.h">
      <Filter>Resource\Audio</Filter>
    </ClInclude>
    <ClInclude Include="Engine\Platform\Input\Mouse.h">
      <Filter>Engine\Input</Filter>
    </ClInclude>
    <ClInclude Include="Engine\Manager\DebugUI.h">
      <Filter>Engine\DebugUI</Filter>
    </ClInclude>
    <ClInclude Include="Resource\Texture\TextureManager.h">
      <Filter>Resource\Texture</Filter>
    </ClInclude>
    <ClInclude Include="Resource\Texture\TextureUtility.h">
      <Filter>Resource\Texture</Filter>
    </ClInclude>
    <ClInclude Include="Resource\Texture\Texture.h">
      <Filter>Resource\Texture</Filter>
    </ClInclude>
    <ClInclude Include="Engine\Manager\PrimitiveManager.h">
      <Filter>Engine\Manager</Filter>
    </ClInclude>
    <ClInclude Include="Renderer\Particle\ParticleSystem.h">
      <Filter>Renderer\Particle</Filter>
    </ClInclude>
    <ClInclude Include="Renderer\Particle\IParticleBehavior.h">
      <Filter>Renderer\Particle</Filter>
    </ClInclude>
    <ClInclude Include="Renderer\Object2D\Sprite\Sprite.h">
      <Filter>Renderer\Object2D</Filter>
    </ClInclude>
    <ClInclude Include="Renderer\Object2D\Primitive\Circle2D.h">
      <Filter>Renderer\Object2D</Filter>
    </ClInclude>
    <ClInclude Include="Renderer\Skybox\Skybox.h">
      <Filter>Renderer\Skybox</Filter>
    </ClInclude>
    <ClInclude Include="Renderer\ParticleGPU\GPUParticleSystem.h">
      <Filter>Renderer\ParticleGPU</Filter>
    </ClInclude>
    <ClInclude Include="Renderer\Effect\Effect.h">
      <Filter>Renderer\Effect</Filter>
    </ClInclude>
    <ClInclude Include="Resource\Audio\AudioManager.h">
      <Filter>Resource\Audio</Filter>
    </ClInclude>
    <ClInclude Include="Resource\Audio\Sound.h">
      <Filter>Resource\Audio</Filter>
    </ClInclude>
    <ClInclude Include="Resource\Audio\VoiceCallback.h">
      <Filter>Resource\Audio</Filter>
    </ClInclude>
    <ClInclude Include="Resource\Model\AnimationManager.h">
      <Filter>Resource\Model</Filter>
    </ClInclude>
    <ClInclude Include="Resource\Model\ModelManager.h">
      <Filter>Resource\Model</Filter>
    </ClInclude>
    <ClInclude Include="Resource\Model\Data\Animation.h">
      <Filter>Resource\Model\Data</Filter>
    </ClInclude>
    <ClInclude Include="Resource\Model\Data\AnimationTransform.h">
      <Filter>Resource\Model\Data</Filter>
    </ClInclude>
    <ClInclude Include="Resource\Model\Data\Joint.h">
      <Filter>Resource\Model\Data</Filter>
    </ClInclude>
    <ClInclude Include="Resource\Model\Data\JointWeightData.h">
      <Filter>Resource\Model\Data</Filter>
    </ClInclude>
    <ClInclude Include="Resource\Model\Data\Keyframe.h">
      <Filter>Resource\Model\Data</Filter>
    </ClInclude>
    <ClInclude Include="Resource\Model\Data\ModelData.h">
      <Filter>Resource\Model\Data</Filter>
    </ClInclude>
    <ClInclude Include="Resource\Model\Data\Node.h">
      <Filter>Resource\Model\Data</Filter>
    </ClInclude>
    <ClInclude Include="Resource\Model\Data\NodeAnimation.h">
      <Filter>Resource\Model\Data</Filter>
    </ClInclude>
    <ClInclude Include="Resource\Model\Data\ObjModel.h">
      <Filter>Resource\Model\Data</Filter>
    </ClInclude>
    <ClInclude Include="Resource\Model\Data\Skeleton.h">
      <Filter>Resource\Model\Data</Filter>
    </ClInclude>
    <ClInclude Include="Resource\Model\Data\SkinCluster.h">
      <Filter>Resource\Model\Data</Filter>
    </ClInclude>
    <ClInclude Include="Resource\Model\Data\VertexInfluence.h">
      <Filter>Resource\Model\Data</Filter>
    </ClInclude>
    <ClInclude Include="Resource\Model\Data\VertexWeightData.h">
      <Filter>Resource\Model\Data</Filter>
    </ClInclude>
    <ClInclude Include="Resource\Model\Data\WellForGPU.h">
      <Filter>Resource\Model\Data</Filter>
    </ClInclude>
    <ClInclude Include="Resource\Audio\Data\ChunkHeader.h">
      <Filter>Resource\Audio\Core</Filter>
    </ClInclude>
    <ClInclude Include="Resource\Audio\Data\FormatChunk.h">
      <Filter>Resource\Audio\Core</Filter>
    </ClInclude>
    <ClInclude Include="Resource\Audio\Data\RiffHeader.h">
      <Filter>Resource\Audio\Core</Filter>
    </ClInclude>
    <ClInclude Include="Resource\Audio\Data\SoundData.h">
      <Filter>Resource\Audio\Core</Filter>
    </ClInclude>
    <ClInclude Include="Engine\Core\Math\Matrix4x4.h">
      <Filter>Engine\Core\Math</Filter>
    </ClInclude>
    <ClInclude Include="Engine\Core\Math\Matrix3x3.h">
      <Filter>Engine\Core\Math</Filter>
    </ClInclude>
    <ClInclude Include="Engine\Core\Math\Quaternion.h">
      <Filter>Engine\Core\Math</Filter>
    </ClInclude>
    <ClInclude Include="Engine\Core\Math\Vector4.h">
      <Filter>Engine\Core\Math</Filter>
    </ClInclude>
    <ClInclude Include="Engine\Core\Math\Vector3.h">
      <Filter>Engine\Core\Math</Filter>
    </ClInclude>
    <ClInclude Include="Engine\Core\Math\Vector2.h">
      <Filter>Engine\Core\Math</Filter>
    </ClInclude>
    <ClInclude Include="Engine\Core\Math\Transform.h">
      <Filter>Engine\Core\Math</Filter>
    </ClInclude>
    <ClInclude Include="Engine\Core\Math\QuaternionTransform.h">
      <Filter>Engine\Core\Math</Filter>
    </ClInclude>
    <ClInclude Include="Engine\Graphics\Pipeline\PSOManager.h">
      <Filter>Engine\Graphics\Pipeline</Filter>
    </ClInclude>
    <ClInclude Include="Engine\Graphics\DirectX\DirectXCommon.h">
      <Filter>Engine\Graphics\DirectX</Filter>
    </ClInclude>
    <ClInclude Include="Engine\Graphics\DirectX\RenderTexture.h">
      <Filter>Engine\Graphics\DirectX</Filter>
    </ClInclude>
    <ClInclude Include="Engine\Graphics\DirectX\D3DResourceLeakChecker.h">
      <Filter>Engine\Graphics\DirectX</Filter>
    </ClInclude>
    <ClInclude Include="Engine\Graphics\DirectX\DescriptorAllocator.h">
      <Filter>Engine\Graphics\DirectX</Filter>
    </ClInclude>
    <ClInclude Include="Engine\Graphics\DirectX\DescriptorPool.h">
      <Filter>Engine\Graphics\DirectX</Filter>
    </ClInclude>
    <ClInclude Include="Engine\Core\Shape\Ball.h">
      <Filter>Engine\Core\Shape</Filter>
    </ClInclude>
    <ClInclude Include="Engine\Core\Shape\Plane.h">
      <Filter>Engine\Core\Shape</Filter>
    </ClInclude>
    <ClInclude Include="Engine\Core\Shape\Triangle.h">
      <Filter>Engine\Core\Shape</Filter>
    </ClInclude>
    <ClInclude Include="Engine\Core\Shape\Sphere.h">
      <Filter>Engine\Core\Shape</Filter>
    </ClInclude>
    <ClInclude Include="Engine\Core\Shape\LinePrimitive.h">
      <Filter>Engine\Core\Shape</Filter>
    </ClInclude>
    <ClInclude Include="Engine\Core\Type\LRDirection.h">
      <Filter>Engine\Core\Type</Filter>
    </ClInclude>
    <ClInclude Include="Engine\Core\Type\BlendMode.h">
      <Filter>Engine\Core\Type</Filter>
    </ClInclude>
    <ClInclude Include="Engine\Core\Type\PrimitiveType.h">
      <Filter>Engine\Core\Type</Filter>
    </ClInclude>
    <ClInclude Include="Engine\Core\Utility\StringUtility.h">
      <Filter>Engine\Core\Utility</Filter>
    </ClInclude>
    <ClInclude Include="Engine\Graphics\Data\CameraForGPU.h">
      <Filter>Engine\Graphics\Data</Filter>
    </ClInclude>
    <ClInclude Include="Renderer\Material.h">
      <Filter>Engine\Graphics\Data</Filter>
    </ClInclude>
    <ClInclude Include="Renderer\TransformationMatrix.h">
      <Filter>Engine\Graphics\Data</Filter>
    </ClInclude>
    <ClInclude Include="Renderer\VertexData.h">
      <Filter>Engine\Graphics\Data</Filter>
    </ClInclude>
    <ClInclude Include="Engine\Graphics\Data\Spring.h">
      <Filter>Engine\Core\Shape</Filter>
    </ClInclude>
    <ClInclude Include="Renderer\Particle\Data\Emitter.h">
      <Filter>Renderer\Particle\Data</Filter>
    </ClInclude>
    <ClInclude Include="Renderer\Particle\Data\ParticleMaterial.h">
      <Filter>Renderer\Particle\Data</Filter>
    </ClInclude>
    <ClInclude Include="Renderer\Particle\Data\Particle.h">
      <Filter>Renderer\Particle\Data</Filter>
    </ClInclude>
    <ClInclude Include="Engine\Core\Math\Geometry\Collision.h">
      <Filter>Engine\Core\Math\Geometry</Filter>
    </ClInclude>
    <ClInclude Include="Engine\Core\Math\Math.h">
      <Filter>Engine\Core\Math</Filter>
    </ClInclude>
    <ClInclude Include="Engine\Core\Math\MathFunction.h">
      <Filter>Engine\Core\Math\Geometry</Filter>
    </ClInclude>
    <ClInclude Include="Engine\Core\Utility\Ease.h">
      <Filter>Engine\Core\Math\Geometry</Filter>
    </ClInclude>
    <ClInclude Include="Engine\Core\Math\Geometry\AABB.h">
      <Filter>Engine\Core\Math\Geometry</Filter>
    </ClInclude>
    <ClInclude Include="Engine\Core\Math\Geometry\OBB.h">
      <Filter>Engine\Core\Math\Geometry</Filter>
    </ClInclude>
    <ClInclude Include="Engine\Core\Math\Random\Random.h">
      <Filter>Engine\Core\Math\Random</Filter>
    </ClInclude>
    <ClInclude Include="Engine\Core\Utility\Log.h">
      <Filter>Engine\Core\Utility</Filter>
    </ClInclude>
    <ClInclude Include="Engine\Graphics\Data\SpotLight.h">
      <Filter>Engine\Graphics\Data</Filter>
    </ClInclude>
    <ClInclude Include="Engine\Graphics\Data\AreaLight.h">
      <Filter>Engine\Graphics\Data</Filter>
    </ClInclude>
    <ClInclude Include="Engine\Graphics\Data\DirectionalLight.h">
      <Filter>Engine\Graphics\Data</Filter>
    </ClInclude>
    <ClInclude Include="Engine\Graphics\Data\PointLight.h">
      <Filter>Engine\Graphics\Data</Filter>
    </ClInclude>
    <ClInclude Include="Resource\Model\Data\MaterialData.h">
      <Filter>Resource\Model\Data</Filter>
    </ClInclude>
    <ClInclude Include="Engine\Irufemi.h">
      <Filter>Engine</Filter>
    </ClInclude>
    <ClInclude Include="Renderer\Object3D\Primitive\TriangleClass.h">
      <Filter>Renderer\3D</Filter>
    </ClInclude>
    <ClInclude Include="Renderer\Object3D\Primitive\CubeClass.h">
      <Filter>Renderer\Object3D\Primitive</Filter>
    </ClInclude>
    <ClInclude Include="Renderer\Object3D\Primitive\CylinderClass.h">
      <Filter>Renderer\Object3D\Primitive</Filter>
    </ClInclude>
    <ClInclude Include="Renderer\Object3D\Primitive\PlaneClass.h">
      <Filter>Renderer\Object3D\Primitive</Filter>
    </ClInclude>
    <ClInclude Include="Renderer\Object3D\Primitive\SphereClass.h">
      <Filter>Renderer\Object3D\Primitive</Filter>
    </ClInclude>
    <ClInclude Include="Renderer\Object3D\AnimationModel\AnimationModel.h">
      <Filter>Renderer\Object3D\AnimationModel</Filter>
    </ClInclude>
    <ClInclude Include="Engine\Core\Type\PerFrame.h">
      <Filter>Engine\Core\Type</Filter>
    </ClInclude>
    <ClInclude Include="Renderer\LineInstanced\LineClass.h">
      <Filter>Renderer\LineInstanced</Filter>
    </ClInclude>
    <ClInclude Include="Renderer\Object3D\ObjClass\ObjClass.h">
      <Filter>Renderer\Object3D\ObjClass</Filter>
    </ClInclude>
    <ClInclude Include="Engine\Core\Type\Voxel.h">
      <Filter>Engine\Core\Type</Filter>
    </ClInclude>
    <ClInclude Include="Resource\Model\Data\VoxelizedModel.h">
      <Filter>Resource\Model\Data</Filter>
    </ClInclude>
    <ClInclude Include="Engine\Core\Math\Vector3Int.h">
      <Filter>Engine\Core\Math</Filter>
    </ClInclude>
    <ClInclude Include="Renderer\VoxelParticle\VoxelParticleSystem.h">
      <Filter>Renderer\VoxelParticle</Filter>
    </ClInclude>
    <ClInclude Include="Engine\Core\Type\PerView.h">
      <Filter>Engine\Core\Type</Filter>
    </ClInclude>
    <ClInclude Include="Engine\Graphics\PostProcess\PostProcessManager.h">
      <Filter>Engine\Graphics\PostProcess</Filter>
    </ClInclude>
    <ClInclude Include="Renderer\Object2D\Object2DResource.h" />
    <ClInclude Include="Renderer\Object3D\Object3DResource.h" />
    <ClInclude Include="Renderer\Particle\ParticleResource.h" />
    <ClInclude Include="Renderer\LineInstanced\LineResource.h" />
    <ClInclude Include="Renderer\LineInstanced\Data\LineMaterial.h" />
    <ClInclude Include="Renderer\LineInstanced\Data\LineVertexData.h" />
    <ClInclude Include="Engine\Core\System\ThreadPool.h">
      <Filter>Engine\Core\System</Filter>
    </ClInclude>
    <ClInclude Include="Engine\Core\System\TaskGroup.h">
      <Filter>Engine\Core\System</Filter>
    </ClInclude>
    <ClInclude Include="Engine\Graphics\DirectX\ShaderCompiler.h">
      <Filter>Engine\Graphics\DirectX</Filter>
    </ClInclude>
    <ClInclude Include="Engine\Graphics\DirectX\FrameRateController.h">
      <Filter>Engine\Graphics\DirectX</Filter>
    </ClInclude>
    <ClInclude Include="Engine\Graphics\DirectX\RootSignatureConfig.h">
      <Filter>Engine\Graphics\DirectX</Filter>
    </ClInclude>
    <ClInclude Include="Engine\Graphics\Data\Material.h" />
    <ClInclude Include="Engine\Graphics\Data\SceneGPUStructs.h" />
    <ClInclude Include="Engine\Graphics\Data\LightCommonData.h" />
    <ClInclude Include="Renderer\Object3D\Primitive\PrimitiveObjects3DClass.h">
      <Filter>Renderer\Object3D\Primitive</Filter>
    </ClInclude>
    <ClInclude Include="Engine\Graphics\DirectX\ShadowMap.h">
      <Filter>Engine\Graphics\DirectX</Filter>
    </ClInclude>
    <ClInclude Include="Engine\Core\Math\Geometry\Frustum.h">
      <Filter>Engine\Core\Math\Geometry</Filter>
    </ClInclude>
    <ClInclude Include="Framework\SceneTransition.h">
      <Filter>Framework</Filter>
    </ClInclude>
    <ClInclude Include="Engine\Core\Math\NumericalSequence.h">
      <Filter>Engine\Core\Math</Filter>
    </ClInclude>
    <ClInclude Include="Engine\Graphics\Data\LightningParams.h">
      <Filter>Engine\Graphics\Data</Filter>
    </ClInclude>
    <ClInclude Include="Engine\Graphics\DirectX\ConstantBuffer.h">
      <Filter>Engine\Graphics\DirectX</Filter>
    </ClInclude>
    <ClInclude Include="Renderer\Object3D\Effect\PrimitiveEffect.h">
      <Filter>Renderer\Object3D\Effect</Filter>
    </ClInclude>
    <ClInclude Include="Engine\Manager\IComputeTask.h">
      <Filter>Engine\Manager</Filter>
    </ClInclude>
    <ClInclude Include="Renderer\Core\BaseResource.h">
      <Filter>Renderer\Core</Filter>
    </ClInclude>
    <ClInclude Include="Renderer\Core\IRenderable.h">
      <Filter>Renderer\Core</Filter>
    </ClInclude>
    <ClInclude Include="Engine\Graphics\DirectX\DynamicConstantBuffer.h">
      <Filter>Engine\Graphics\DirectX</Filter>
    </ClInclude>
  </ItemGroup>
  <ItemGroup>
    <None Include="..\Application\resources\shaders\RandomGenerator.hlsli">
      <Filter>Engine\Compute</Filter>
    </None>
    <None Include="..\Application\resources\shaders\PerFrame.hlsli">
      <Filter>Engine\Compute</Filter>
    </None>
    <None Include="..\Application\resources\shaders\Object2D.hlsli">
      <Filter>Engine\Graphics\Shaders\Basic</Filter>
    </None>
    <None Include="..\Application\resources\shaders\Object3D.hlsli">
      <Filter>Engine\Graphics\Shaders\Basic</Filter>
    </None>
    <None Include="..\Application\resources\shaders\Skybox.hlsli">
      <Filter>Engine\Graphics\Shaders\Basic</Filter>
    </None>
    <None Include="..\Application\resources\shaders\Line.hlsli">
      <Filter>Engine\Graphics\Shaders\Basic</Filter>
    </None>
    <None Include="..\Application\resources\shaders\LineInstanced.hlsli">
      <Filter>Engine\Graphics\Shaders\Basic</Filter>
    </None>
    <None Include="..\Application\resources\shaders\GeometryShaderHeader.hlsli">
      <Filter>Engine\Graphics\Shaders\Basic</Filter>
    </None>
    <None Include="..\Application\resources\shaders\Particle.hlsli">
      <Filter>Engine\Graphics\Shaders\Basic</Filter>
    </None>
    <None Include="..\Application\resources\shaders\ParticleGPU.hlsli">
      <Filter>Engine\Graphics\Shaders\Basic</Filter>
    </None>
    <None Include="..\Application\resources\shaders\SkinningObject3D.hlsli">
      <Filter>Engine\Graphics\Shaders\Basic</Filter>
    </None>
    <None Include="..\Application\resources\shaders\VoxelParticle.hlsli">
      <Filter>Engine\Graphics\Shaders\Basic</Filter>
    </None>
    <None Include="..\Application\resources\shaders\Fullscreen.hlsli">
      <Filter>Engine\Graphics\Shaders\PostProcess</Filter>
    </None>
    <None Include="..\Application\resources\shaders\Lighting.hlsli" />
    <None Include="..\Application\resources\shaders\LightningUtility.hlsli">
      <Filter>Engine\Graphics\Shaders\Basic</Filter>
    </None>
  </ItemGroup>
  <ItemGroup>
    <FxCompile Include="..\Application\resources\shaders\InitializeParticle.CS.hlsl">
      <Filter>Renderer\ParticleGPU\Shaders</Filter>
    </FxCompile>
    <FxCompile Include="..\Application\resources\shaders\EmitParticle.CS.hlsl">
      <Filter>Renderer\ParticleGPU\Shaders</Filter>
    </FxCompile>
    <FxCompile Include="..\Application\resources\shaders\UpdateParticle.CS.hlsl">
      <Filter>Renderer\ParticleGPU\Shaders</Filter>
    </FxCompile>
    <FxCompile Include="..\Application\resources\shaders\InitializeVoxel.CS.hlsl">
      <Filter>Renderer\VoxelParticle</Filter>
    </FxCompile>
    <FxCompile Include="..\Application\resources\shaders\UpdateVoxel.CS.hlsl">
      <Filter>Renderer\VoxelParticle</Filter>
    </FxCompile>
    <FxCompile Include="..\Application\resources\shaders\EmitVoxel.CS.hlsl">
      <Filter>Renderer\VoxelParticle</Filter>
    </FxCompile>
    <FxCompile Include="..\Application\resources\shaders\Object2D.PS.hlsl">
      <Filter>Engine\Graphics\Shaders\Basic</Filter>
    </FxCompile>
    <FxCompile Include="..\Application\resources\shaders\Object2D.VS.hlsl">
      <Filter>Engine\Graphics\Shaders\Basic</Filter>
    </FxCompile>
    <FxCompile Include="..\Application\resources\shaders\Object3D.PS.hlsl">
      <Filter>Engine\Graphics\Shaders\Basic</Filter>
    </FxCompile>
    <FxCompile Include="..\Application\resources\shaders\Object3D.VS.hlsl">
      <Filter>Engine\Graphics\Shaders\Basic</Filter>
    </FxCompile>
    <FxCompile Include="..\Application\resources\shaders\Skybox.VS.hlsl">
      <Filter>Engine\Graphics\Shaders\Basic</Filter>
    </FxCompile>
    <FxCompile Include="..\Application\resources\shaders\Skybox.PS.hlsl">
      <Filter>Engine\Graphics\Shaders\Basic</Filter>
    </FxCompile>
    <FxCompile Include="..\Application\resources\shaders\Line.PS.hlsl">
      <Filter>Engine\Graphics\Shaders\Basic</Filter>
    </FxCompile>
    <FxCompile Include="..\Application\resources\shaders\Line.VS.hlsl">
      <Filter>Engine\Graphics\Shaders\Basic</Filter>
    </FxCompile>
    <FxCompile Include="..\Application\resources\shaders\LineInstanced.PS.hlsl">
      <Filter>Engine\Graphics\Shaders\Basic</Filter>
    </FxCompile>
    <FxCompile Include="..\Application\resources\shaders\LineInstanced.VS.hlsl">
      <Filter>Engine\Graphics\Shaders\Basic</Filter>
    </FxCompile>
    <FxCompile Include="..\Application\resources\shaders\CopyImage.PS.hlsl">
      <Filter>Engine\Graphics\Shaders\PostProcess</Filter>
    </FxCompile>
    <FxCompile Include="..\Application\resources\shaders\ByGeometryShader.GS.hlsl">
      <Filter>Engine\Graphics\Shaders\Basic</Filter>
    </FxCompile>
    <FxCompile Include="..\Application\resources\shaders\ByGeometryShader.PS.hlsl">
      <Filter>Engine\Graphics\Shaders\Basic</Filter>
    </FxCompile>
    <FxCompile Include="..\Application\resources\shaders\ByGeometryShader.VS.hlsl">
      <Filter>Engine\Graphics\Shaders\Basic</Filter>
    </FxCompile>
    <FxCompile Include="..\Application\resources\shaders\Particle.PS.hlsl">
      <Filter>Engine\Graphics\Shaders\Basic</Filter>
    </FxCompile>
    <FxCompile Include="..\Application\resources\shaders\Particle.VS.hlsl">
      <Filter>Engine\Graphics\Shaders\Basic</Filter>
    </FxCompile>
    <FxCompile Include="..\Application\resources\shaders\ParticleGPU.PS.hlsl">
      <Filter>Engine\Graphics\Shaders\Basic</Filter>
    </FxCompile>
    <FxCompile Include="..\Application\resources\shaders\ParticleGPU.VS.hlsl">
      <Filter>Engine\Graphics\Shaders\Basic</Filter>
    </FxCompile>
    <FxCompile Include="..\Application\resources\shaders\Region.VS.hlsl">
      <Filter>Engine\Graphics\Shaders\Basic</Filter>
    </FxCompile>
    <FxCompile Include="..\Application\resources\shaders\Skinning.CS.hlsl">
      <Filter>Engine\Graphics\Shaders\Basic</Filter>
    </FxCompile>
    <FxCompile Include="..\Application\resources\shaders\SkinningObject3D.VS.hlsl">
      <Filter>Engine\Graphics\Shaders\Basic</Filter>
    </FxCompile>
    <FxCompile Include="..\Application\resources\shaders\VoxelParticle.PS.hlsl">
      <Filter>Engine\Graphics\Shaders\Basic</Filter>
    </FxCompile>
    <FxCompile Include="..\Application\resources\shaders\VoxelParticle.VS.hlsl">
      <Filter>Engine\Graphics\Shaders\Basic</Filter>
    </FxCompile>
    <FxCompile Include="..\Application\resources\shaders\Sepia.PS.hlsl">
      <Filter>Engine\Graphics\Shaders\PostProcess</Filter>
    </FxCompile>
    <FxCompile Include="..\Application\resources\shaders\Grayscale.PS.hlsl">
      <Filter>Engine\Graphics\Shaders\PostProcess</Filter>
    </FxCompile>
    <FxCompile Include="..\Application\resources\shaders\Fullscreen.VS.hlsl">
      <Filter>Engine\Graphics\Shaders\PostProcess</Filter>
    </FxCompile>
    <FxCompile Include="..\Application\resources\shaders\Vignette.PS.hlsl">
      <Filter>Engine\Graphics\Shaders\PostProcess</Filter>
    </FxCompile>
    <FxCompile Include="..\Application\resources\shaders\Smoothing.PS.hlsl">
      <Filter>Engine\Graphics\Shaders\PostProcess</Filter>
    </FxCompile>
    <FxCompile Include="..\Application\resources\shaders\GaussianFilter.PS.hlsl">
      <Filter>Engine\Graphics\Shaders\PostProcess</Filter>
    </FxCompile>
    <FxCompile Include="..\Application\resources\shaders\DepthBasedOutline.PS.hlsl">
      <Filter>Engine\Graphics\Shaders\PostProcess</Filter>
    </FxCompile>
    <FxCompile Include="..\Application\resources\shaders\RadialBlur.PS.hlsl">
      <Filter>Engine\Graphics\Shaders\PostProcess</Filter>
    </FxCompile>
    <FxCompile Include="..\Application\resources\shaders\Dissolve.PS.hlsl">
      <Filter>Engine\Graphics\Shaders\PostProcess</Filter>
    </FxCompile>
    <FxCompile Include="..\Application\resources\shaders\Noise.PS.hlsl">
      <Filter>Engine\Graphics\Shaders\PostProcess</Filter>
    </FxCompile>
    <FxCompile Include="..\Application\resources\shaders\ToneMapping.PS.hlsl">
      <Filter>Engine\Graphics\Shaders\PostProcess</Filter>
    </FxCompile>
    <FxCompile Include="..\Application\resources\shaders\HSV.PS.hlsl">
      <Filter>Engine\Graphics\Shaders\PostProcess</Filter>
    </FxCompile>
    <FxCompile Include="..\Application\resources\shaders\ShadowMapSkinning.VS.hlsl">
      <Filter>Engine\Graphics\Shaders\Basic</Filter>
    </FxCompile>
    <FxCompile Include="..\Application\resources\shaders\ShadowMap.VS.hlsl">
      <Filter>Engine\Graphics\Shaders\Basic</Filter>
    </FxCompile>
    <FxCompile Include="..\Application\resources\shaders\Slide.PS.hlsl">
      <Filter>Engine\Graphics\Shaders\PostProcess</Filter>
    </FxCompile>
    <FxCompile Include="..\Application\resources\shaders\Fade.PS.hlsl">
      <Filter>Engine\Graphics\Shaders\PostProcess</Filter>
    </FxCompile>
    <FxCompile Include="..\Application\resources\shaders\LightningCrawl.PS.hlsl">
      <Filter>Engine\Graphics\Shaders\Basic</Filter>
    </FxCompile>
  </ItemGroup>
</Project>