<?xml version="1.0" encoding="utf-8"?>
<Project ToolsVersion="4.0" xmlns="http://schemas.microsoft.com/developer/msbuild/2003">
  <ItemGroup>
    <Filter Include="Framework">
      <UniqueIdentifier>{a98d3cb5-6537-42db-bf19-3b2af2d0c21a}</UniqueIdentifier>
    </Filter>
    <Filter Include="Renderer">
      <UniqueIdentifier>{49562265-8288-4286-9d7a-998da039a121}</UniqueIdentifier>
    </Filter>
    <Filter Include="Renderer\2D">
      <UniqueIdentifier>{81443dc7-2f7f-4d80-9041-a390755139e9}</UniqueIdentifier>
    </Filter>
    <Filter Include="Renderer\3D">
      <UniqueIdentifier>{1c90d707-2613-47d1-bd66-a7303fa8f90f}</UniqueIdentifier>
    </Filter>
    <Filter Include="Renderer\Object3D">
      <UniqueIdentifier>{09239bed-694d-46fc-b05b-5ed78b10d76e}</UniqueIdentifier>
    </Filter>
    <Filter Include="Renderer\Particle">
      <UniqueIdentifier>{77173c74-5160-418c-ad0d-6b8180ade2e7}</UniqueIdentifier>
    </Filter>
    <Filter Include="Renderer\Region">
      <UniqueIdentifier>{9ab83aa2-3655-40ac-a5b4-0cc535a3d404}</UniqueIdentifier>
    </Filter>
    <Filter Include="Renderer\Object2D">
      <UniqueIdentifier>{d88700ad-3b0b-4754-827a-565d70e6c456}</UniqueIdentifier>
    </Filter>
    <Filter Include="Renderer\LineInstanced">
      <UniqueIdentifier>{78ee9df5-4278-4da8-ab04-f45e9c350115}</UniqueIdentifier>
    </Filter>
    <Filter Include="Renderer\Skybox">
      <UniqueIdentifier>{df9cbe3c-3b86-4a15-8de1-fef19d477197}</UniqueIdentifier>
    </Filter>
    <Filter Include="Renderer\ParticleGPU">
      <UniqueIdentifier>{b1277eb3-c5e5-4d7b-829d-dce3b590ae4f}</UniqueIdentifier>
    </Filter>
    <Filter Include="Engine">
      <UniqueIdentifier>{86a005a2-cafd-480c-97fb-292b1c242f12}</UniqueIdentifier>
    </Filter>
    <Filter Include="Engine\DebugUI">
      <UniqueIdentifier>{efd67c09-a1d5-4279-9f78-b5610d42879e}</UniqueIdentifier>
    </Filter>
    <Filter Include="Engine\Input">
      <UniqueIdentifier>{95621e64-dbc5-4cf8-b02e-7026fe8561c9}</UniqueIdentifier>
    </Filter>
    <Filter Include="Engine\Graphics">
      <UniqueIdentifier>{6753d6a5-9b77-48cb-ae9e-f7628609c4db}</UniqueIdentifier>
    </Filter>
    <Filter Include="Engine\Graphics\Shaders">
      <UniqueIdentifier>{1097d707-2383-4ee7-97c5-144b2eb06880}</UniqueIdentifier>
    </Filter>
    <Filter Include="Engine\Graphics\DirectX">
      <UniqueIdentifier>{54bcced9-2d7c-4289-8157-43a4c1b609f9}</UniqueIdentifier>
    </Filter>
    <Filter Include="Engine\Graphics\Pipeline">
      <UniqueIdentifier>{452da872-ad2a-4d69-8678-683d9a898748}</UniqueIdentifier>
    </Filter>
    <Filter Include="Engine\Core">
      <UniqueIdentifier>{744ea0f6-49f1-4635-93e4-d781f01bce85}</UniqueIdentifier>
    </Filter>
    <Filter Include="Engine\Core\Math">
      <UniqueIdentifier>{cb77ae9a-9e74-4117-9293-b3916f5463dc}</UniqueIdentifier>
    </Filter>
    <Filter Include="Engine\Manager">
      <UniqueIdentifier>{a9d3d353-c04a-423f-88de-abe14802e99a}</UniqueIdentifier>
    </Filter>
    <Filter Include="Engine\Core\Shape">
      <UniqueIdentifier>{a65e10a9-9ebe-4251-aa37-83fe390eb2b1}</UniqueIdentifier>
    </Filter>
    <Filter Include="Resource">
      <UniqueIdentifier>{7be041ec-a7ec-468d-800a-11d0746970fd}</UniqueIdentifier>
    </Filter>
    <Filter Include="Resource\Model">
      <UniqueIdentifier>{32589d2a-708a-447e-83f7-6dff63fe7806}</UniqueIdentifier>
    </Filter>
    <Filter Include="Resource\Texture">
      <UniqueIdentifier>{fcd3b9d7-f04c-475a-bb9b-fcbc224eac97}</UniqueIdentifier>
    </Filter>
    <Filter Include="Resource\Audio">
      <UniqueIdentifier>{93a356b9-f23a-4034-ab06-edadb43a2423}</UniqueIdentifier>
    </Filter>
    <Filter Include="Engine\Core\Type">
      <UniqueIdentifier>{c1e9a2e5-7fb6-456d-9502-9414320581cf}</UniqueIdentifier>
    </Filter>
    <Filter Include="Engine\Core\Utility">
      <UniqueIdentifier>{1058f24b-5918-48ec-b925-b833b458c3df}</UniqueIdentifier>
    </Filter>
    <Filter Include="Renderer\Object3D\Data">
      <UniqueIdentifier>{11d5d49f-adef-4fc0-bc20-431a5ddd0a60}</UniqueIdentifier>
    </Filter>
    <Filter Include="Renderer\Particle\Data">
      <UniqueIdentifier>{f57a8f27-ccc3-402d-8371-8440dfe6e260}</UniqueIdentifier>
    </Filter>
    <Filter Include="Renderer\LineInstanced\Data">
      <UniqueIdentifier>{7cfe8928-a4aa-4815-9d88-26b8714dd33e}</UniqueIdentifier>
    </Filter>
    <Filter Include="Engine\Graphics\Data">
      <UniqueIdentifier>{71483dd2-cfba-42f1-86b2-4e9848008920}</UniqueIdentifier>
    </Filter>
    <Filter Include="Resource\Audio\Core">
      <UniqueIdentifier>{7915d090-00d6-434b-960c-7af707e032c4}</UniqueIdentifier>
    </Filter>
    <Filter Include="Engine\Core\Math\Geometry">
      <UniqueIdentifier>{f7877495-22fa-4864-ae42-282ecc2d17b5}</UniqueIdentifier>
    </Filter>
    <Filter Include="Engine\Core\Math\Random">
      <UniqueIdentifier>{754b9bb2-4cd2-4b32-a905-79b846e5f5c0}</UniqueIdentifier>
    </Filter>
    <Filter Include="Resource\Model\Data">
      <UniqueIdentifier>{eb78067e-7e24-4c86-933b-6580deabafe1}</UniqueIdentifier>
    </Filter>
    <Filter Include="Renderer\System">
      <UniqueIdentifier>{3b999372-f194-436f-bd5e-3ae660f6371d}</UniqueIdentifier>
    </Filter>
    <Filter Include="Engine\Graphics\Data\Light">
      <UniqueIdentifier>{ac7dd633-a770-475b-9e3f-749598582d26}</UniqueIdentifier>
    </Filter>
    <Filter Include="Engine\Platform">
      <UniqueIdentifier>{f8886dba-4766-4105-8b3b-c7edb3f081d3}</UniqueIdentifier>
    </Filter>
    <Filter Include="Engine\Platform\WinApp">
      <UniqueIdentifier>{b2ee8d91-6e9d-4fe1-ac98-96b44fa3a1d2}</UniqueIdentifier>
    </Filter>
    <Filter Include="Framework\Scene">
      <UniqueIdentifier>{893fd543-4896-4611-99d6-e1898aade7b1}</UniqueIdentifier>
    </Filter>
  </ItemGroup>
  <ItemGroup>
    <ClCompile Include="manager\DrawManager.cpp">
      <Filter>Engine\Manager</Filter>
    </ClCompile>
    <ClCompile Include="3D\TriangleClass.cpp">
      <Filter>Renderer\3D</Filter>
    </ClCompile>
    <ClCompile Include="audio\Bgm.cpp">
      <Filter>Resource\Audio</Filter>
    </ClCompile>
    <ClCompile Include="scene\SceneManager.cpp">
      <Filter>Framework\Scene</Filter>
    </ClCompile>
    <ClCompile Include="engine\IrufemiEngine.cpp">
      <Filter>Engine</Filter>
    </ClCompile>
    <ClCompile Include="engine\Input\GamePad.cpp">
      <Filter>Engine\Input</Filter>
    </ClCompile>
    <ClCompile Include="engine\Input\Keyboard.cpp">
      <Filter>Engine\Input</Filter>
    </ClCompile>
    <ClCompile Include="scene\IScene.cpp">
      <Filter>Framework\Scene</Filter>
    </ClCompile>
    <ClCompile Include="engine\Input\InputManager.cpp">
      <Filter>Engine\Input</Filter>
    </ClCompile>
    <ClCompile Include="engine\WinApp\WinApp.cpp">
      <Filter>Engine\Platform\WinApp</Filter>
    </ClCompile>
    <ClCompile Include="3D\TetraRegion.cpp">
      <Filter>Renderer\Region</Filter>
    </ClCompile>
    <ClCompile Include="3D\Region.cpp">
      <Filter>Renderer\Region</Filter>
    </ClCompile>
    <ClCompile Include="3D\SphereRegion.cpp">
      <Filter>Renderer\Region</Filter>
    </ClCompile>
    <ClCompile Include="audio\Se.cpp">
      <Filter>Resource\Audio</Filter>
    </ClCompile>
    <ClCompile Include="2D\SpriteRegion.cpp">
      <Filter>Renderer\2D</Filter>
    </ClCompile>
    <ClCompile Include="engine\Input\Mouse.cpp">
      <Filter>Engine\Input</Filter>
    </ClCompile>
    <ClCompile Include="manager\DebugUI.cpp">
      <Filter>Engine\DebugUI</Filter>
    </ClCompile>
    <ClCompile Include="manager\TextureManager.cpp">
      <Filter>Resource\Texture</Filter>
    </ClCompile>
    <ClCompile Include="source\Texture.cpp">
      <Filter>Resource\Texture</Filter>
    </ClCompile>
    <ClCompile Include="3D\AnimationModel.cpp">
      <Filter>Renderer\3D</Filter>
    </ClCompile>
    <ClCompile Include="manager\PrimitiveManager.cpp">
      <Filter>Engine\Manager</Filter>
    </ClCompile>
    <ClCompile Include="3D\SphereClass.cpp">
      <Filter>Renderer\Object3D</Filter>
    </ClCompile>
    <ClCompile Include="3D\CylinderClass.cpp">
      <Filter>Renderer\Object3D</Filter>
    </ClCompile>
    <ClCompile Include="3D\ObjClass.cpp">
      <Filter>Renderer\Object3D</Filter>
    </ClCompile>
    <ClCompile Include="3D\CubeClass.cpp">
      <Filter>Renderer\Object3D</Filter>
    </ClCompile>
    <ClCompile Include="3D\PlaneClass.cpp">
      <Filter>Renderer\Object3D</Filter>
    </ClCompile>
    <ClCompile Include="3D\particle\IParticleBehavior.cpp">
      <Filter>Renderer\Particle</Filter>
    </ClCompile>
    <ClCompile Include="3D\particle\ParticleSystem.cpp">
      <Filter>Renderer\Particle</Filter>
    </ClCompile>
    <ClCompile Include="2D\Circle2D.cpp">
      <Filter>Renderer\Object2D</Filter>
    </ClCompile>
    <ClCompile Include="2D\Sprite.cpp">
      <Filter>Renderer\Object2D</Filter>
    </ClCompile>
    <ClCompile Include="3D\LineClass.cpp">
      <Filter>Renderer\LineInstanced</Filter>
    </ClCompile>
    <ClCompile Include="3D\Skybox.cpp">
      <Filter>Renderer\Skybox</Filter>
    </ClCompile>
    <ClCompile Include="3D\particle\GPUParticleSystem.cpp">
      <Filter>Renderer\ParticleGPU</Filter>
    </ClCompile>
    <ClCompile Include="manager\AudioManager.cpp">
      <Filter>Resource\Audio</Filter>
    </ClCompile>
    <ClCompile Include="source\Sound.cpp">
      <Filter>Resource\Audio</Filter>
    </ClCompile>
    <ClCompile Include="manager\AnimationManager.cpp">
      <Filter>Resource\Model</Filter>
    </ClCompile>
    <ClCompile Include="manager\ModelManager.cpp">
      <Filter>Resource\Model</Filter>
    </ClCompile>
    <ClCompile Include="math\Matrix4x4.cpp">
      <Filter>Engine\Core\Math</Filter>
    </ClCompile>
    <ClCompile Include="math\Quaternion.cpp">
      <Filter>Engine\Core\Math</Filter>
    </ClCompile>
    <ClCompile Include="math\Vector4.cpp">
      <Filter>Engine\Core\Math</Filter>
    </ClCompile>
    <ClCompile Include="math\Vector3 .cpp">
      <Filter>Engine\Core\Math</Filter>
    </ClCompile>
    <ClCompile Include="math\Vector2.cpp">
      <Filter>Engine\Core\Math</Filter>
    </ClCompile>
    <ClCompile Include="engine\directX\PSOManager.cpp">
      <Filter>Engine\Graphics\Pipeline</Filter>
    </ClCompile>
    <ClCompile Include="engine\directX\DescriptorAllocator.cpp">
      <Filter>Engine\Graphics\DirectX</Filter>
    </ClCompile>
    <ClCompile Include="engine\directX\DescriptorPool.cpp">
      <Filter>Engine\Graphics\DirectX</Filter>
    </ClCompile>
    <ClCompile Include="engine\directX\DirectXCommon.cpp">
      <Filter>Engine\Graphics\DirectX</Filter>
    </ClCompile>
    <ClCompile Include="function\StringUtility.cpp">
      <Filter>Engine\Core\Utility</Filter>
    </ClCompile>
    <ClCompile Include="source\D3D12ResourceUtil.cpp">
      <Filter>Renderer\Object3D\Data</Filter>
    </ClCompile>
    <ClCompile Include="math\shape\Particle.cpp">
      <Filter>Renderer\Particle\Data</Filter>
    </ClCompile>
    <ClCompile Include="math\LineMaterial.h">
      <Filter>Renderer\LineInstanced\Data</Filter>
    </ClCompile>
    <ClCompile Include="math\LineVertexData.h">
      <Filter>Renderer\LineInstanced\Data</Filter>
    </ClCompile>
    <ClCompile Include="source\Object3DResource.cpp">
      <Filter>Renderer\Object3D\Data</Filter>
    </ClCompile>
    <ClCompile Include="function\Collision.cpp">
      <Filter>Engine\Core\Math\Geometry</Filter>
    </ClCompile>
    <ClCompile Include="function\Math.cpp">
      <Filter>Engine\Core\Math\Geometry</Filter>
    </ClCompile>
    <ClCompile Include="function\Ease.cpp">
      <Filter>Engine\Core\Math\Geometry</Filter>
    </ClCompile>
    <ClCompile Include="function\Random.cpp">
      <Filter>Engine\Core\Math\Random</Filter>
    </ClCompile>
    <ClCompile Include="engine\Log.cpp">
      <Filter>Engine\Core\Utility</Filter>
    </ClCompile>
    <ClCompile Include="3D\effect\EffectSystem.cpp">
      <Filter>Renderer\System</Filter>
    </ClCompile>
  </ItemGroup>
  <ItemGroup>
    <ClInclude Include="manager\DrawManager.h">
      <Filter>Engine\Manager</Filter>
    </ClInclude>
    <ClInclude Include="scene\IScene.h">
      <Filter>Framework\Scene</Filter>
    </ClInclude>
    <ClInclude Include="3D\TriangleClass.h">
      <Filter>Renderer\3D</Filter>
    </ClInclude>
    <ClInclude Include="audio\Bgm.h">
      <Filter>Resource\Audio</Filter>
    </ClInclude>
    <ClInclude Include="scene\SceneManager.h">
      <Filter>Framework\Scene</Filter>
    </ClInclude>
    <ClInclude Include="engine\IrufemiEngine.h">
      <Filter>Engine</Filter>
    </ClInclude>
    <ClInclude Include="engine\Input\Keyboard.h">
      <Filter>Engine\Input</Filter>
    </ClInclude>
    <ClInclude Include="engine\Input\GamePad.h">
      <Filter>Engine\Input</Filter>
    </ClInclude>
    <ClInclude Include="engine\Input\InputManager.h">
      <Filter>Engine\Input</Filter>
    </ClInclude>
    <ClInclude Include="engine\WinApp\WinApp.h">
      <Filter>Engine\Platform\WinApp</Filter>
    </ClInclude>
    <ClInclude Include="3D\TetraRegion.h">
      <Filter>Renderer\Region</Filter>
    </ClInclude>
    <ClInclude Include="3D\Region.h">
      <Filter>Renderer\Region</Filter>
    </ClInclude>
    <ClInclude Include="3D\SphereRegion.h">
      <Filter>Renderer\Region</Filter>
    </ClInclude>
    <ClInclude Include="audio\Se.h">
      <Filter>Resource\Audio</Filter>
    </ClInclude>
    <ClInclude Include="2D\SpriteRegion.h">
      <Filter>Renderer\2D</Filter>
    </ClInclude>
    <ClInclude Include="engine\Input\Mouse.h">
      <Filter>Engine\Input</Filter>
    </ClInclude>
    <ClInclude Include="manager\DebugUI.h">
      <Filter>Engine\DebugUI</Filter>
    </ClInclude>
    <ClInclude Include="manager\TextureManager.h">
      <Filter>Resource\Texture</Filter>
    </ClInclude>
    <ClInclude Include="source\Texture.h">
      <Filter>Resource\Texture</Filter>
    </ClInclude>
    <ClInclude Include="3D\AnimationModel.h">
      <Filter>Renderer\3D</Filter>
    </ClInclude>
    <ClInclude Include="manager\PrimitiveManager.h">
      <Filter>Engine\Manager</Filter>
    </ClInclude>
    <ClInclude Include="3D\SphereClass.h">
      <Filter>Renderer\Object3D</Filter>
    </ClInclude>
    <ClInclude Include="3D\CylinderClass.h">
      <Filter>Renderer\Object3D</Filter>
    </ClInclude>
    <ClInclude Include="3D\ObjClass.h">
      <Filter>Renderer\Object3D</Filter>
    </ClInclude>
    <ClInclude Include="3D\PlaneClass.h">
      <Filter>Renderer\Object3D</Filter>
    </ClInclude>
    <ClInclude Include="3D\particle\ParticleSystem.h">
      <Filter>Renderer\Particle</Filter>
    </ClInclude>
    <ClInclude Include="3D\particle\IParticleBehavior.h">
      <Filter>Renderer\Particle</Filter>
    </ClInclude>
    <ClInclude Include="2D\Sprite.h">
      <Filter>Renderer\Object2D</Filter>
    </ClInclude>
    <ClInclude Include="2D\Circle2D.h">
      <Filter>Renderer\Object2D</Filter>
    </ClInclude>
    <ClInclude Include="3D\Skybox.h">
      <Filter>Renderer\Skybox</Filter>
    </ClInclude>
    <ClInclude Include="3D\particle\GPUParticleSystem.h">
      <Filter>Renderer\ParticleGPU</Filter>
    </ClInclude>
    <ClInclude Include="manager\AudioManager.h">
      <Filter>Resource\Audio</Filter>
    </ClInclude>
    <ClInclude Include="source\Sound.h">
      <Filter>Resource\Audio</Filter>
    </ClInclude>
    <ClInclude Include="manager\VoiceCallback.h">
      <Filter>Resource\Audio</Filter>
    </ClInclude>
    <ClInclude Include="manager\AnimationManager.h">
      <Filter>Resource\Model</Filter>
    </ClInclude>
    <ClInclude Include="manager\ModelManager.h">
      <Filter>Resource\Model</Filter>
    </ClInclude>
    <ClInclude Include="math\Animation.h">
      <Filter>Resource\Model\Data</Filter>
    </ClInclude>
    <ClInclude Include="math\AnimationTransform.h">
      <Filter>Resource\Model\Data</Filter>
    </ClInclude>
    <ClInclude Include="math\Joint.h">
      <Filter>Resource\Model\Data</Filter>
    </ClInclude>
    <ClInclude Include="math\JointWeightData.h">
      <Filter>Resource\Model\Data</Filter>
    </ClInclude>
    <ClInclude Include="math\Keyframe.h">
      <Filter>Resource\Model\Data</Filter>
    </ClInclude>
    <ClInclude Include="math\ModelData.h">
      <Filter>Resource\Model\Data</Filter>
    </ClInclude>
    <ClInclude Include="math\Node.h">
      <Filter>Resource\Model\Data</Filter>
    </ClInclude>
    <ClInclude Include="math\NodeAnimation.h">
      <Filter>Resource\Model\Data</Filter>
    </ClInclude>
    <ClInclude Include="math\ObjModel.h">
      <Filter>Resource\Model\Data</Filter>
    </ClInclude>
    <ClInclude Include="math\Skeleton.h">
      <Filter>Resource\Model\Data</Filter>
    </ClInclude>
    <ClInclude Include="math\SkinCluster.h">
      <Filter>Resource\Model\Data</Filter>
    </ClInclude>
    <ClInclude Include="math\VertexInfluence.h">
      <Filter>Resource\Model\Data</Filter>
    </ClInclude>
    <ClInclude Include="math\VertexWeightData.h">
      <Filter>Resource\Model\Data</Filter>
    </ClInclude>
    <ClInclude Include="math\WellForGPU.h">
      <Filter>Resource\Model\Data</Filter>
    </ClInclude>
    <ClInclude Include="math\ChunkHeader.h">
      <Filter>Resource\Audio\Core</Filter>
    </ClInclude>
    <ClInclude Include="math\FormatChunk.h">
      <Filter>Resource\Audio\Core</Filter>
    </ClInclude>
    <ClInclude Include="math\RiffHeader.h">
      <Filter>Resource\Audio\Core</Filter>
    </ClInclude>
    <ClInclude Include="math\SoundData.h">
      <Filter>Resource\Audio\Core</Filter>
    </ClInclude>
    <ClInclude Include="math\Matrix4x4.h">
      <Filter>Engine\Core\Math</Filter>
    </ClInclude>
    <ClInclude Include="math\Matrix3x3.h">
      <Filter>Engine\Core\Math</Filter>
    </ClInclude>
    <ClInclude Include="math\Quaternion.h">
      <Filter>Engine\Core\Math</Filter>
    </ClInclude>
    <ClInclude Include="math\Vector4.h">
      <Filter>Engine\Core\Math</Filter>
    </ClInclude>
    <ClInclude Include="math\Vector3.h">
      <Filter>Engine\Core\Math</Filter>
    </ClInclude>
    <ClInclude Include="math\Vector2.h">
      <Filter>Engine\Core\Math</Filter>
    </ClInclude>
    <ClInclude Include="math\Transform.h">
      <Filter>Engine\Core\Math</Filter>
    </ClInclude>
    <ClInclude Include="math\QuaternionTransform.h">
      <Filter>Engine\Core\Math</Filter>
    </ClInclude>
    <ClInclude Include="engine\directX\PSOManager.h">
      <Filter>Engine\Graphics\Pipeline</Filter>
    </ClInclude>
    <ClInclude Include="engine\directX\DirectXCommon.h">
      <Filter>Engine\Graphics\DirectX</Filter>
    </ClInclude>
    <ClInclude Include="engine\D3DResourceLeakChecker.h">
      <Filter>Engine\Graphics\DirectX</Filter>
    </ClInclude>
    <ClInclude Include="engine\directX\DescriptorAllocator.h">
      <Filter>Engine\Graphics\DirectX</Filter>
    </ClInclude>
    <ClInclude Include="engine\directX\DescriptorPool.h">
      <Filter>Engine\Graphics\DirectX</Filter>
    </ClInclude>
    <ClInclude Include="math\shape\Ball.h">
      <Filter>Engine\Core\Shape</Filter>
    </ClInclude>
    <ClInclude Include="math\shape\Plane.h">
      <Filter>Engine\Core\Shape</Filter>
    </ClInclude>
    <ClInclude Include="math\shape\Triangle.h">
      <Filter>Engine\Core\Shape</Filter>
    </ClInclude>
    <ClInclude Include="math\shape\Sphere.h">
      <Filter>Engine\Core\Shape</Filter>
    </ClInclude>
    <ClInclude Include="math\shape\LinePrimitive.h">
      <Filter>Engine\Core\Shape</Filter>
    </ClInclude>
    <ClInclude Include="math\LRDirection.h">
      <Filter>Engine\Core\Type</Filter>
    </ClInclude>
    <ClInclude Include="math\BlendMode.h">
      <Filter>Engine\Core\Type</Filter>
    </ClInclude>
    <ClInclude Include="math\PrimitiveType.h">
      <Filter>Engine\Core\Type</Filter>
    </ClInclude>
    <ClInclude Include="function\StringUtility.h">
      <Filter>Engine\Core\Utility</Filter>
    </ClInclude>
    <ClInclude Include="math\CameraForGPU.h">
      <Filter>Engine\Graphics\Data</Filter>
    </ClInclude>
    <ClInclude Include="math\Material.h">
      <Filter>Engine\Graphics\Data</Filter>
    </ClInclude>
    <ClInclude Include="math\TransformationMatrix.h">
      <Filter>Engine\Graphics\Data</Filter>
    </ClInclude>
    <ClInclude Include="math\VertexData.h">
      <Filter>Engine\Graphics\Data</Filter>
    </ClInclude>
    <ClInclude Include="math\shape\Spring.h">
      <Filter>Engine\Core\Shape</Filter>
    </ClInclude>
    <ClInclude Include="source\D3D12ResourceUtil.h">
      <Filter>Renderer\Object3D\Data</Filter>
    </ClInclude>
    <ClInclude Include="math\Emitter.h">
      <Filter>Renderer\Particle\Data</Filter>
    </ClInclude>
    <ClInclude Include="math\ParticleMaterial.h">
      <Filter>Renderer\Particle\Data</Filter>
    </ClInclude>
    <ClInclude Include="math\shape\Particle.h">
      <Filter>Renderer\Particle\Data</Filter>
    </ClInclude>
    <ClInclude Include="source\Object3DResource.h">
      <Filter>Renderer\Object3D\Data</Filter>
    </ClInclude>
    <ClInclude Include="3D\CubeClass.h">
      <Filter>Renderer\Object3D</Filter>
    </ClInclude>
    <ClInclude Include="3D\LineClass.h">
      <Filter>Renderer\LineInstanced</Filter>
    </ClInclude>
    <ClInclude Include="function\Collision.h">
      <Filter>Engine\Core\Math\Geometry</Filter>
    </ClInclude>
    <ClInclude Include="function\Math.h">
      <Filter>Engine\Core\Math\Geometry</Filter>
    </ClInclude>
    <ClInclude Include="function\Ease.h">
      <Filter>Engine\Core\Math\Geometry</Filter>
    </ClInclude>
    <ClInclude Include="math\shape\AABB.h">
      <Filter>Engine\Core\Math\Geometry</Filter>
    </ClInclude>
    <ClInclude Include="math\shape\OBB.h">
      <Filter>Engine\Core\Math\Geometry</Filter>
    </ClInclude>
    <ClInclude Include="function\Random.h">
      <Filter>Engine\Core\Math\Random</Filter>
    </ClInclude>
    <ClInclude Include="engine\Log.h">
      <Filter>Engine\Core\Utility</Filter>
    </ClInclude>
    <ClInclude Include="3D\effect\EffectSystem.h">
      <Filter>Renderer\System</Filter>
    </ClInclude>
    <ClInclude Include="3D\CubeClass.h" />
    <ClInclude Include="3D\LineClass.h" />
    <ClInclude Include="math\SpotLight.h">
      <Filter>Engine\Graphics\Data</Filter>
    </ClInclude>
    <ClInclude Include="math\AreaLight.h">
      <Filter>Engine\Graphics\Data</Filter>
    </ClInclude>
    <ClInclude Include="math\DirectionalLight.h">
      <Filter>Engine\Graphics\Data</Filter>
    </ClInclude>
    <ClInclude Include="math\PointLight.h">
      <Filter>Engine\Graphics\Data</Filter>
    </ClInclude>
    <ClInclude Include="math\MaterialData.h">
      <Filter>Resource\Model\Data</Filter>
    </ClInclude>
  </ItemGroup>
  <ItemGroup>
    <None Include="..\Application\resources\shaders\Object2D.hlsli">
      <Filter>Engine\Graphics\Shaders</Filter>
    </None>
    <None Include="..\Application\resources\shaders\Object3d.hlsli">
      <Filter>Engine\Graphics\Shaders</Filter>
    </None>
    <None Include="..\Application\resources\shaders\Particle.hlsli">
      <Filter>Engine\Graphics\Shaders</Filter>
    </None>
    <None Include="..\Application\resources\shaders\GeometryShaderHeader.hlsli">
      <Filter>Engine\Graphics\Shaders</Filter>
    </None>
    <None Include="..\Application\resources\shaders\Line.hlsli">
      <Filter>Engine\Graphics\Shaders</Filter>
    </None>
    <None Include="..\Application\resources\shaders\LineInstanced.hlsli">
      <Filter>Engine\Graphics\Shaders</Filter>
    </None>
    <None Include="..\Application\resources\shaders\SkinningObject3D.hlsli">
      <Filter>Engine\Graphics\Shaders</Filter>
    </None>
    <None Include="..\Application\resources\shaders\Skybox.hlsli">
      <Filter>Engine\Graphics\Shaders</Filter>
    </None>
    <None Include="..\Application\resources\shaders\ParticleGPU.hlsli">
      <Filter>Engine\Graphics\Shaders</Filter>
    </None>
  </ItemGroup>
  <ItemGroup>
    <FxCompile Include="..\Application\resources\shaders\Object2D.PS.hlsl">
      <Filter>Engine\Graphics\Shaders</Filter>
    </FxCompile>
    <FxCompile Include="..\Application\resources\shaders\Object2D.VS.hlsl">
      <Filter>Engine\Graphics\Shaders</Filter>
    </FxCompile>
    <FxCompile Include="..\Application\resources\shaders\Object3d.PS.hlsl">
      <Filter>Engine\Graphics\Shaders</Filter>
    </FxCompile>
    <FxCompile Include="..\Application\resources\shaders\Object3d.VS.hlsl">
      <Filter>Engine\Graphics\Shaders</Filter>
    </FxCompile>
    <FxCompile Include="..\Application\resources\shaders\Particle.PS.hlsl">
      <Filter>Engine\Graphics\Shaders</Filter>
    </FxCompile>
    <FxCompile Include="..\Application\resources\shaders\Particle.VS.hlsl">
      <Filter>Engine\Graphics\Shaders</Filter>
    </FxCompile>
    <FxCompile Include="..\Application\resources\shaders\Region.VS.hlsl">
      <Filter>Engine\Graphics\Shaders</Filter>
    </FxCompile>
    <FxCompile Include="..\Application\resources\shaders\ByGeometryShader.PS.hlsl">
      <Filter>Engine\Graphics\Shaders</Filter>
    </FxCompile>
    <FxCompile Include="..\Application\resources\shaders\ByGeometryShader.GS.hlsl">
      <Filter>Engine\Graphics\Shaders</Filter>
    </FxCompile>
    <FxCompile Include="..\Application\resources\shaders\ByGeometryShader.VS.hlsl">
      <Filter>Engine\Graphics\Shaders</Filter>
    </FxCompile>
    <FxCompile Include="..\Application\resources\shaders\Line.PS.hlsl">
      <Filter>Engine\Graphics\Shaders</Filter>
    </FxCompile>
    <FxCompile Include="..\Application\resources\shaders\Line.VS.hlsl">
      <Filter>Engine\Graphics\Shaders</Filter>
    </FxCompile>
    <FxCompile Include="..\Application\resources\shaders\LineInstanced.PS.hlsl">
      <Filter>Engine\Graphics\Shaders</Filter>
    </FxCompile>
    <FxCompile Include="..\Application\resources\shaders\LineInstanced.VS.hlsl">
      <Filter>Engine\Graphics\Shaders</Filter>
    </FxCompile>
    <FxCompile Include="..\Application\resources\shaders\SkinningObject3D.VS.hlsl">
      <Filter>Engine\Graphics\Shaders</Filter>
    </FxCompile>
    <FxCompile Include="..\Application\resources\shaders\Skybox.PS.hlsl">
      <Filter>Engine\Graphics\Shaders</Filter>
    </FxCompile>
    <FxCompile Include="..\Application\resources\shaders\Skybox.VS.hlsl">
      <Filter>Engine\Graphics\Shaders</Filter>
    </FxCompile>
    <FxCompile Include="..\Application\resources\shaders\InitializeParticle.CS.hlsl">
      <Filter>Engine\Graphics\Shaders</Filter>
    </FxCompile>
    <FxCompile Include="..\Application\resources\shaders\ParticleGPU.PS.hlsl">
      <Filter>Engine\Graphics\Shaders</Filter>
    </FxCompile>
    <FxCompile Include="..\Application\resources\shaders\ParticleGPU.VS.hlsl">
      <Filter>Engine\Graphics\Shaders</Filter>
    </FxCompile>
    <FxCompile Include="..\Application\resources\shaders\Skinning.CS.hlsl">
      <Filter>Engine\Graphics\Shaders</Filter>
    </FxCompile>
  </ItemGroup>
</Project>